
Microsoft Visual Studio Solution File, Format Version 11.00
# Visual Studio 2010
Project("{E24C65DC-7377-472B-9ABA-BC803B73C61A}") = "Auth-And-Allow-cs", "Auth-And-Allow-cs", "{9434C6AB-A59F-428C-8FA6-2C862D43C6D6}"
	ProjectSection(WebsiteProperties) = preProject
		TargetFrameworkMoniker = ".NETFramework,Version%3Dv4.0"
		ProjectReferences = ""
		Debug.AspNetCompiler.VirtualPath = "/Auth-And-Allow-cs"
		Debug.AspNetCompiler.PhysicalPath = "Auth-And-Allow-cs\"
		Debug.AspNetCompiler.TargetPath = "PrecompiledWeb\Auth-And-Allow-cs\"
		Debug.AspNetCompiler.Updateable = "true"
		Debug.AspNetCompiler.ForceOverwrite = "true"
		Debug.AspNetCompiler.FixedNames = "false"
		Debug.AspNetCompiler.Debug = "True"
		Release.AspNetCompiler.VirtualPath = "/Auth-And-Allow-cs"
		Release.AspNetCompiler.PhysicalPath = "Auth-And-Allow-cs\"
		Release.AspNetCompiler.TargetPath = "PrecompiledWeb\Auth-And-Allow-cs\"
		Release.AspNetCompiler.Updateable = "true"
		Release.AspNetCompiler.ForceOverwrite = "true"
		Release.AspNetCompiler.FixedNames = "false"
		Release.AspNetCompiler.Debug = "False"
		VWDPort = "3522"
		DefaultWebSiteLanguage = "Visual C#"
	EndProjectSection
EndProject
Project("{E24C65DC-7377-472B-9ABA-BC803B73C61A}") = "Auth-And-Allow-vb", "Auth-And-Allow-vb", "{20B3E27E-E695-46E6-895B-F59CB772E3DF}"
	ProjectSection(WebsiteProperties) = preProject
		TargetFrameworkMoniker = ".NETFramework,Version%3Dv4.0"
		Debug.AspNetCompiler.VirtualPath = "/Auth-And-Allow-vb"
		Debug.AspNetCompiler.PhysicalPath = "Auth-And-Allow-vb\"
		Debug.AspNetCompiler.TargetPath = "PrecompiledWeb\Auth-And-Allow-vb\"
		Debug.AspNetCompiler.Updateable = "true"
		Debug.AspNetCompiler.ForceOverwrite = "true"
		Debug.AspNetCompiler.FixedNames = "false"
		Debug.AspNetCompiler.Debug = "True"
		Release.AspNetCompiler.VirtualPath = "/Auth-And-Allow-vb"
		Release.AspNetCompiler.PhysicalPath = "Auth-And-Allow-vb\"
		Release.AspNetCompiler.TargetPath = "PrecompiledWeb\Auth-And-Allow-vb\"
		Release.AspNetCompiler.Updateable = "true"
		Release.AspNetCompiler.ForceOverwrite = "true"
		Release.AspNetCompiler.FixedNames = "false"
		Release.AspNetCompiler.Debug = "False"
		VWDPort = "3523"
		DefaultWebSiteLanguage = "Visual Basic"
	EndProjectSection
EndProject
Global
	GlobalSection(SolutionConfigurationPlatforms) = preSolution
		Debug|Any CPU = Debug|Any CPU
		Release|Any CPU = Release|Any CPU
	EndGlobalSection
	GlobalSection(ProjectConfigurationPlatforms) = postSolution
		{9434C6AB-A59F-428C-8FA6-2C862D43C6D6}.Debug|Any CPU.ActiveCfg = Debug|Any CPU
		{9434C6AB-A59F-428C-8FA6-2C862D43C6D6}.Debug|Any CPU.Build.0 = Debug|Any CPU
		{9434C6AB-A59F-428C-8FA6-2C862D43C6D6}.Release|Any CPU.ActiveCfg = Debug|Any CPU
		{9434C6AB-A59F-428C-8FA6-2C862D43C6D6}.Release|Any CPU.Build.0 = Debug|Any CPU
		{20B3E27E-E695-46E6-895B-F59CB772E3DF}.Debug|Any CPU.ActiveCfg = Debug|Any CPU
		{20B3E27E-E695-46E6-895B-F59CB772E3DF}.Debug|Any CPU.Build.0 = Debug|Any CPU
		{20B3E27E-E695-46E6-895B-F59CB772E3DF}.Release|Any CPU.ActiveCfg = Debug|Any CPU
		{20B3E27E-E695-46E6-895B-F59CB772E3DF}.Release|Any CPU.Build.0 = Debug|Any CPU
	EndGlobalSection
	GlobalSection(SolutionProperties) = preSolution
		HideSolutionNode = FALSE
	EndGlobalSection
EndGlobal
