
Microsoft Visual Studio Solution File, Format Version 11.00
# Visual Studio 2010
Project("{FAE04EC0-301F-11D3-BF4B-00C04F79EFBC}") = "CSWinFormsUploadProgressAndCancel", "CSWinFormsUploadProgressAndCancel\CSWinFormsUploadProgressAndCancel.csproj", "{D757F902-89CB-479E-BF6D-877B44D9A181}"
EndProject
Global
	GlobalSection(SolutionConfigurationPlatforms) = preSolution
		Debug|x86 = Debug|x86
		Release|x86 = Release|x86
	EndGlobalSection
	GlobalSection(ProjectConfigurationPlatforms) = postSolution
		{D757F902-89CB-479E-BF6D-877B44D9A181}.Debug|x86.ActiveCfg = Debug|x86
		{D757F902-89CB-479E-BF6D-877B44D9A181}.Debug|x86.Build.0 = Debug|x86
		{D757F902-89CB-479E-BF6D-877B44D9A181}.Release|x86.ActiveCfg = Release|x86
		{D757F902-89CB-479E-BF6D-877B44D9A181}.Release|x86.Build.0 = Release|x86
	EndGlobalSection
	GlobalSection(SolutionProperties) = preSolution
		HideSolutionNode = FALSE
	EndGlobalSection
EndGlobal
