
Microsoft Visual Studio Solution File, Format Version 11.00
# Visual Studio 2010
Project("{E24C65DC-7377-472B-9ABA-BC803B73C61A}") = "VBASPNETSimpleAuth", "VBASPNETFacebookApp\", "{69564D97-4834-484B-AED3-A16CCE776374}"
	ProjectSection(WebsiteProperties) = preProject
		TargetFrameworkMoniker = ".NETFramework,Version%3Dv4.0"
		Debug.AspNetCompiler.VirtualPath = "/VBASPNETFacebookApp"
		Debug.AspNetCompiler.PhysicalPath = "VBASPNETFacebookApp\"
		Debug.AspNetCompiler.TargetPath = "PrecompiledWeb\VBASPNETFacebookApp\"
		Debug.AspNetCompiler.Updateable = "true"
		Debug.AspNetCompiler.ForceOverwrite = "true"
		Debug.AspNetCompiler.FixedNames = "false"
		Debug.AspNetCompiler.Debug = "True"
		Release.AspNetCompiler.VirtualPath = "/VBASPNETFacebookApp"
		Release.AspNetCompiler.PhysicalPath = "VBASPNETFacebookApp\"
		Release.AspNetCompiler.TargetPath = "PrecompiledWeb\VBASPNETFacebookApp\"
		Release.AspNetCompiler.Updateable = "true"
		Release.AspNetCompiler.ForceOverwrite = "true"
		Release.AspNetCompiler.FixedNames = "false"
		Release.AspNetCompiler.Debug = "False"
		VWDPort = "3712"
	EndProjectSection
EndProject
Global
	GlobalSection(SolutionConfigurationPlatforms) = preSolution
		Debug|Any CPU = Debug|Any CPU
	EndGlobalSection
	GlobalSection(ProjectConfigurationPlatforms) = postSolution
		{69564D97-4834-484B-AED3-A16CCE776374}.Debug|Any CPU.ActiveCfg = Debug|Any CPU
		{69564D97-4834-484B-AED3-A16CCE776374}.Debug|Any CPU.Build.0 = Debug|Any CPU
	EndGlobalSection
	GlobalSection(SolutionProperties) = preSolution
		HideSolutionNode = FALSE
	EndGlobalSection
EndGlobal
