
Microsoft Visual Studio Solution File, Format Version 11.00
# Visual Studio 2010
Project("{FAE04EC0-301F-11D3-BF4B-00C04F79EFBC}") = "CS-AspNetMvc3-JsSdk-OpenGraph", "CS-AspNetMvc3-JsSdk-OpenGraph\CS-AspNetMvc3-JsSdk-OpenGraph.csproj", "{CA9D862F-3B0E-44DD-BC15-063923B861BE}"
EndProject
Global
	GlobalSection(SolutionConfigurationPlatforms) = preSolution
		Debug|Any CPU = Debug|Any CPU
		Release|Any CPU = Release|Any CPU
	EndGlobalSection
	GlobalSection(ProjectConfigurationPlatforms) = postSolution
		{CA9D862F-3B0E-44DD-BC15-063923B861BE}.Debug|Any CPU.ActiveCfg = Debug|Any CPU
		{CA9D862F-3B0E-44DD-BC15-063923B861BE}.Debug|Any CPU.Build.0 = Debug|Any CPU
		{CA9D862F-3B0E-44DD-BC15-063923B861BE}.Release|Any CPU.ActiveCfg = Release|Any CPU
		{CA9D862F-3B0E-44DD-BC15-063923B861BE}.Release|Any CPU.Build.0 = Release|Any CPU
	EndGlobalSection
	GlobalSection(SolutionProperties) = preSolution
		HideSolutionNode = FALSE
	EndGlobalSection
EndGlobal
