
Microsoft Visual Studio Solution File, Format Version 11.00
# Visual Studio 2010
Project("{FAE04EC0-301F-11D3-BF4B-00C04F79EFBC}") = "CS-Canvas-AspNetMvc3-WithoutJsSdk", "CS-Canvas-AspNetMvc3-WithoutJsSdk\CS-Canvas-AspNetMvc3-WithoutJsSdk.csproj", "{C084D7B3-618A-4C98-9677-53BCD4CAFB98}"
EndProject
Global
	GlobalSection(SolutionConfigurationPlatforms) = preSolution
		Debug|Any CPU = Debug|Any CPU
		Release|Any CPU = Release|Any CPU
	EndGlobalSection
	GlobalSection(ProjectConfigurationPlatforms) = postSolution
		{C084D7B3-618A-4C98-9677-53BCD4CAFB98}.Debug|Any CPU.ActiveCfg = Debug|Any CPU
		{C084D7B3-618A-4C98-9677-53BCD4CAFB98}.Debug|Any CPU.Build.0 = Debug|Any CPU
		{C084D7B3-618A-4C98-9677-53BCD4CAFB98}.Release|Any CPU.ActiveCfg = Release|Any CPU
		{C084D7B3-618A-4C98-9677-53BCD4CAFB98}.Release|Any CPU.Build.0 = Release|Any CPU
	EndGlobalSection
	GlobalSection(SolutionProperties) = preSolution
		HideSolutionNode = FALSE
	EndGlobalSection
EndGlobal
