
Microsoft Visual Studio Solution File, Format Version 11.00
# Visual Studio 2010
Project("{FAE04EC0-301F-11D3-BF4B-00C04F79EFBC}") = "CS-SL4-InBrowser", "CS-SL4-InBrowser\CS-SL4-InBrowser.csproj", "{3312DAA0-8850-4E97-89AA-AB697526ED7D}"
EndProject
Project("{FAE04EC0-301F-11D3-BF4B-00C04F79EFBC}") = "CS-SL4-InBrowser.Web", "CS-SL4-InBrowser.Web\CS-SL4-InBrowser.Web.csproj", "{FE6C94BC-40CD-4169-8A17-1F86E37FD3C9}"
EndProject
Global
	GlobalSection(SolutionConfigurationPlatforms) = preSolution
		Debug|Any CPU = Debug|Any CPU
		Release|Any CPU = Release|Any CPU
	EndGlobalSection
	GlobalSection(ProjectConfigurationPlatforms) = postSolution
		{3312DAA0-8850-4E97-89AA-AB697526ED7D}.Debug|Any CPU.ActiveCfg = Debug|Any CPU
		{3312DAA0-8850-4E97-89AA-AB697526ED7D}.Debug|Any CPU.Build.0 = Debug|Any CPU
		{3312DAA0-8850-4E97-89AA-AB697526ED7D}.Release|Any CPU.ActiveCfg = Release|Any CPU
		{3312DAA0-8850-4E97-89AA-AB697526ED7D}.Release|Any CPU.Build.0 = Release|Any CPU
		{FE6C94BC-40CD-4169-8A17-1F86E37FD3C9}.Debug|Any CPU.ActiveCfg = Debug|Any CPU
		{FE6C94BC-40CD-4169-8A17-1F86E37FD3C9}.Debug|Any CPU.Build.0 = Debug|Any CPU
		{FE6C94BC-40CD-4169-8A17-1F86E37FD3C9}.Release|Any CPU.ActiveCfg = Release|Any CPU
		{FE6C94BC-40CD-4169-8A17-1F86E37FD3C9}.Release|Any CPU.Build.0 = Release|Any CPU
	EndGlobalSection
	GlobalSection(SolutionProperties) = preSolution
		HideSolutionNode = FALSE
	EndGlobalSection
EndGlobal
