
Microsoft Visual Studio Solution File, Format Version 11.00
# Visual Studio 2010
Project("{FAE04EC0-301F-11D3-BF4B-00C04F79EFBC}") = "CS-WP7", "CS-WP7\CS-WP7.csproj", "{0F5D68FF-9389-4CBD-96FB-E972CE57D5E7}"
EndProject
Global
	GlobalSection(SolutionConfigurationPlatforms) = preSolution
		Debug|Any CPU = Debug|Any CPU
		Release|Any CPU = Release|Any CPU
	EndGlobalSection
	GlobalSection(ProjectConfigurationPlatforms) = postSolution
		{0F5D68FF-9389-4CBD-96FB-E972CE57D5E7}.Debug|Any CPU.ActiveCfg = Debug|Any CPU
		{0F5D68FF-9389-4CBD-96FB-E972CE57D5E7}.Debug|Any CPU.Build.0 = Debug|Any CPU
		{0F5D68FF-9389-4CBD-96FB-E972CE57D5E7}.Debug|Any CPU.Deploy.0 = Debug|Any CPU
		{0F5D68FF-9389-4CBD-96FB-E972CE57D5E7}.Release|Any CPU.ActiveCfg = Release|Any CPU
		{0F5D68FF-9389-4CBD-96FB-E972CE57D5E7}.Release|Any CPU.Build.0 = Release|Any CPU
		{0F5D68FF-9389-4CBD-96FB-E972CE57D5E7}.Release|Any CPU.Deploy.0 = Release|Any CPU
	EndGlobalSection
	GlobalSection(SolutionProperties) = preSolution
		HideSolutionNode = FALSE
	EndGlobalSection
EndGlobal
