
Microsoft Visual Studio Solution File, Format Version 11.00
# Visual Studio 2010
Project("{E24C65DC-7377-472B-9ABA-BC803B73C61A}") = "CSASPNETSimpleAuth", "CSASPNETSimpleAuth\", "{AB52A994-5B34-418A-A18F-30A4882F403C}"
	ProjectSection(WebsiteProperties) = preProject
		TargetFrameworkMoniker = ".NETFramework,Version%3Dv4.0"
		Debug.AspNetCompiler.VirtualPath = "/CSASPNETSimpleAuth"
		Debug.AspNetCompiler.PhysicalPath = "CSASPNETSimpleAuth\"
		Debug.AspNetCompiler.TargetPath = "PrecompiledWeb\CSASPNETSimpleAuth\"
		Debug.AspNetCompiler.Updateable = "true"
		Debug.AspNetCompiler.ForceOverwrite = "true"
		Debug.AspNetCompiler.FixedNames = "false"
		Debug.AspNetCompiler.Debug = "True"
		Release.AspNetCompiler.VirtualPath = "/CSASPNETSimpleAuth"
		Release.AspNetCompiler.PhysicalPath = "CSASPNETSimpleAuth\"
		Release.AspNetCompiler.TargetPath = "PrecompiledWeb\CSASPNETSimpleAuth\"
		Release.AspNetCompiler.Updateable = "true"
		Release.AspNetCompiler.ForceOverwrite = "true"
		Release.AspNetCompiler.FixedNames = "false"
		Release.AspNetCompiler.Debug = "False"
		VWDPort = "3663"
	EndProjectSection
EndProject
Global
	GlobalSection(SolutionConfigurationPlatforms) = preSolution
		Debug|Any CPU = Debug|Any CPU
	EndGlobalSection
	GlobalSection(ProjectConfigurationPlatforms) = postSolution
		{AB52A994-5B34-418A-A18F-30A4882F403C}.Debug|Any CPU.ActiveCfg = Debug|Any CPU
		{AB52A994-5B34-418A-A18F-30A4882F403C}.Debug|Any CPU.Build.0 = Debug|Any CPU
	EndGlobalSection
	GlobalSection(SolutionProperties) = preSolution
		HideSolutionNode = FALSE
	EndGlobalSection
EndGlobal
