
Microsoft Visual Studio Solution File, Format Version 11.00
# Visual Studio 2010
Project("{E24C65DC-7377-472B-9ABA-BC803B73C61A}") = "CSASPNETFacebookApp", "CSASPNETFacebookApp\", "{889C6BE9-2797-4860-99A8-9A0A1243D98D}"
	ProjectSection(WebsiteProperties) = preProject
		TargetFrameworkMoniker = ".NETFramework,Version%3Dv4.0"
		Debug.AspNetCompiler.VirtualPath = "/CSASPNETFacebookApp"
		Debug.AspNetCompiler.PhysicalPath = "CSASPNETFacebookApp\"
		Debug.AspNetCompiler.TargetPath = "PrecompiledWeb\CSASPNETFacebookApp\"
		Debug.AspNetCompiler.Updateable = "true"
		Debug.AspNetCompiler.ForceOverwrite = "true"
		Debug.AspNetCompiler.FixedNames = "false"
		Debug.AspNetCompiler.Debug = "True"
		Release.AspNetCompiler.VirtualPath = "/CSASPNETFacebookApp"
		Release.AspNetCompiler.PhysicalPath = "CSASPNETFacebookApp\"
		Release.AspNetCompiler.TargetPath = "PrecompiledWeb\CSASPNETFacebookApp\"
		Release.AspNetCompiler.Updateable = "true"
		Release.AspNetCompiler.ForceOverwrite = "true"
		Release.AspNetCompiler.FixedNames = "false"
		Release.AspNetCompiler.Debug = "False"
		VWDPort = "16151"
		VWDDynamicPort = "false"
	EndProjectSection
EndProject
Global
	GlobalSection(SolutionConfigurationPlatforms) = preSolution
		Debug|Any CPU = Debug|Any CPU
	EndGlobalSection
	GlobalSection(ProjectConfigurationPlatforms) = postSolution
		{889C6BE9-2797-4860-99A8-9A0A1243D98D}.Debug|Any CPU.ActiveCfg = Debug|Any CPU
		{889C6BE9-2797-4860-99A8-9A0A1243D98D}.Debug|Any CPU.Build.0 = Debug|Any CPU
	EndGlobalSection
	GlobalSection(SolutionProperties) = preSolution
		HideSolutionNode = FALSE
	EndGlobalSection
EndGlobal
