
Microsoft Visual Studio Solution File, Format Version 11.00
# Visual Studio 2010
Project("{CC5FD16D-436D-48AD-A40C-5A424C6E3E79}") = "CloudApp", "CSAzureMvcSite\CloudApp.ccproj", "{2485D3F7-6858-4314-8F95-2013FDC718BE}"
EndProject
Project("{FAE04EC0-301F-11D3-BF4B-00C04F79EFBC}") = "SimpleAuth.Web", "CSMvcSimpleAuth\SimpleAuth.Web.csproj", "{B2AF2CDE-7139-452A-B73B-C5B8805C2BA6}"
EndProject
Global
	GlobalSection(SolutionConfigurationPlatforms) = preSolution
		Debug|Any CPU = Debug|Any CPU
		Release|Any CPU = Release|Any CPU
	EndGlobalSection
	GlobalSection(ProjectConfigurationPlatforms) = postSolution
		{2485D3F7-6858-4314-8F95-2013FDC718BE}.Debug|Any CPU.ActiveCfg = Debug|Any CPU
		{2485D3F7-6858-4314-8F95-2013FDC718BE}.Debug|Any CPU.Build.0 = Debug|Any CPU
		{2485D3F7-6858-4314-8F95-2013FDC718BE}.Release|Any CPU.ActiveCfg = Release|Any CPU
		{2485D3F7-6858-4314-8F95-2013FDC718BE}.Release|Any CPU.Build.0 = Release|Any CPU
		{B2AF2CDE-7139-452A-B73B-C5B8805C2BA6}.Debug|Any CPU.ActiveCfg = Debug|Any CPU
		{B2AF2CDE-7139-452A-B73B-C5B8805C2BA6}.Debug|Any CPU.Build.0 = Debug|Any CPU
		{B2AF2CDE-7139-452A-B73B-C5B8805C2BA6}.Release|Any CPU.ActiveCfg = Release|Any CPU
		{B2AF2CDE-7139-452A-B73B-C5B8805C2BA6}.Release|Any CPU.Build.0 = Release|Any CPU
	EndGlobalSection
	GlobalSection(SolutionProperties) = preSolution
		HideSolutionNode = FALSE
	EndGlobalSection
EndGlobal
