
Microsoft Visual Studio Solution File, Format Version 11.00
# Visual Studio 2010
Project("{CC5FD16D-436D-48AD-A40C-5A424C6E3E79}") = "Facebook.Cloud", "CSAzureMvc3FacebookApp\Facebook.Cloud.ccproj", "{21570982-0362-4EA8-889C-DC5283CDFD5D}"
EndProject
Project("{FAE04EC0-301F-11D3-BF4B-00C04F79EFBC}") = "CSMvc3FacebookApp.Web", "CSMvc3FacebookApp\CSMvc3FacebookApp.Web.csproj", "{FFC25BB5-D8C1-4BFD-86FC-6B779B792673}"
EndProject
Global
	GlobalSection(SolutionConfigurationPlatforms) = preSolution
		Debug|Any CPU = Debug|Any CPU
		Release|Any CPU = Release|Any CPU
	EndGlobalSection
	GlobalSection(ProjectConfigurationPlatforms) = postSolution
		{21570982-0362-4EA8-889C-DC5283CDFD5D}.Debug|Any CPU.ActiveCfg = Debug|Any CPU
		{21570982-0362-4EA8-889C-DC5283CDFD5D}.Debug|Any CPU.Build.0 = Debug|Any CPU
		{21570982-0362-4EA8-889C-DC5283CDFD5D}.Release|Any CPU.ActiveCfg = Release|Any CPU
		{21570982-0362-4EA8-889C-DC5283CDFD5D}.Release|Any CPU.Build.0 = Release|Any CPU
		{FFC25BB5-D8C1-4BFD-86FC-6B779B792673}.Debug|Any CPU.ActiveCfg = Debug|Any CPU
		{FFC25BB5-D8C1-4BFD-86FC-6B779B792673}.Debug|Any CPU.Build.0 = Debug|Any CPU
		{FFC25BB5-D8C1-4BFD-86FC-6B779B792673}.Release|Any CPU.ActiveCfg = Release|Any CPU
		{FFC25BB5-D8C1-4BFD-86FC-6B779B792673}.Release|Any CPU.Build.0 = Release|Any CPU
	EndGlobalSection
	GlobalSection(SolutionProperties) = preSolution
		HideSolutionNode = FALSE
	EndGlobalSection
EndGlobal
