
Microsoft Visual Studio Solution File, Format Version 11.00
# Visual Studio 2010
Project("{FAE04EC0-301F-11D3-BF4B-00C04F79EFBC}") = "MvcApplication1", "MvcApplication1\MvcApplication1.csproj", "{1CE9FF7B-3AF1-470F-A81B-283DABB7B412}"
EndProject
Global
	GlobalSection(SolutionConfigurationPlatforms) = preSolution
		Debug|Any CPU = Debug|Any CPU
		Release|Any CPU = Release|Any CPU
	EndGlobalSection
	GlobalSection(ProjectConfigurationPlatforms) = postSolution
		{1CE9FF7B-3AF1-470F-A81B-283DABB7B412}.Debug|Any CPU.ActiveCfg = Debug|Any CPU
		{1CE9FF7B-3AF1-470F-A81B-283DABB7B412}.Debug|Any CPU.Build.0 = Debug|Any CPU
		{1CE9FF7B-3AF1-470F-A81B-283DABB7B412}.Release|Any CPU.ActiveCfg = Release|Any CPU
		{1CE9FF7B-3AF1-470F-A81B-283DABB7B412}.Release|Any CPU.Build.0 = Release|Any CPU
	EndGlobalSection
	GlobalSection(SolutionProperties) = preSolution
		HideSolutionNode = FALSE
	EndGlobalSection
EndGlobal
