
Microsoft Visual Studio Solution File, Format Version 11.00
# Visual Studio 2010
Project("{FAE04EC0-301F-11D3-BF4B-00C04F79EFBC}") = "Facebook.Samples.AuthenticationTool", "Silverlight\Net40\CS\IFramedInBrowser\Facebook.Samples.AuthenticationTool\Facebook.Samples.AuthenticationTool.csproj", "{B630CBF2-276B-4043-9404-5A303014BE4E}"
EndProject
Project("{FAE04EC0-301F-11D3-BF4B-00C04F79EFBC}") = "Facebook.Samples.AuthenticationTool.Web", "Silverlight\Net40\CS\IFramedInBrowser\Facebook.Samples.AuthenticationTool.Web\Facebook.Samples.AuthenticationTool.Web.csproj", "{6F8BCF8E-C103-4FE5-BDE8-CB19A928BFD6}"
EndProject
Global
	GlobalSection(SolutionConfigurationPlatforms) = preSolution
		Debug|Any CPU = Debug|Any CPU
		Release|Any CPU = Release|Any CPU
	EndGlobalSection
	GlobalSection(ProjectConfigurationPlatforms) = postSolution
		{B630CBF2-276B-4043-9404-5A303014BE4E}.Debug|Any CPU.ActiveCfg = Debug|Any CPU
		{B630CBF2-276B-4043-9404-5A303014BE4E}.Debug|Any CPU.Build.0 = Debug|Any CPU
		{B630CBF2-276B-4043-9404-5A303014BE4E}.Release|Any CPU.ActiveCfg = Release|Any CPU
		{B630CBF2-276B-4043-9404-5A303014BE4E}.Release|Any CPU.Build.0 = Release|Any CPU
		{6F8BCF8E-C103-4FE5-BDE8-CB19A928BFD6}.Debug|Any CPU.ActiveCfg = Debug|Any CPU
		{6F8BCF8E-C103-4FE5-BDE8-CB19A928BFD6}.Debug|Any CPU.Build.0 = Debug|Any CPU
		{6F8BCF8E-C103-4FE5-BDE8-CB19A928BFD6}.Release|Any CPU.ActiveCfg = Release|Any CPU
		{6F8BCF8E-C103-4FE5-BDE8-CB19A928BFD6}.Release|Any CPU.Build.0 = Release|Any CPU
	EndGlobalSection
	GlobalSection(SolutionProperties) = preSolution
		HideSolutionNode = FALSE
	EndGlobalSection
EndGlobal
