
Microsoft Visual Studio Solution File, Format Version 11.00
# Visual Studio 2010
Project("{2150E333-8FDC-42A3-9474-1A3956D46DE8}") = "Solution Items", "Solution Items", "{56FD3D46-C67F-4989-A739-EB312AF147F0}"
	ProjectSection(SolutionItems) = preProject
		Facebook.vsmdi = Facebook.vsmdi
		Licenses.txt = Licenses.txt
		Local.testsettings = Local.testsettings
		TraceAndTestImpact.testsettings = TraceAndTestImpact.testsettings
	EndProjectSection
EndProject
Project("{2150E333-8FDC-42A3-9474-1A3956D46DE8}") = "Lib", "Lib", "{8136C239-9CF7-4011-B301-98E375923C74}"
	ProjectSection(SolutionItems) = preProject
		..\lib\AutoMapper.dll = ..\lib\AutoMapper.dll
		..\lib\AutoMapper.Silverlight.dll = ..\lib\AutoMapper.Silverlight.dll
	EndProjectSection
EndProject
Project("{FAE04EC0-301F-11D3-BF4B-00C04F79EFBC}") = "Facebook.DotNet35", "Facebook.DotNet35\Facebook.DotNet35.csproj", "{10A8AC51-2CF3-4B0F-ACA9-3B47BD8740F4}"
EndProject
Global
	GlobalSection(TeamFoundationVersionControl) = preSolution
		SccNumberOfProjects = 2
		SccEnterpriseProvider = {4CA58AB2-18FA-4F8D-95D4-32DDF27D184C}
		SccTeamFoundationServer = https://tfs.codeplex.com/tfs/tfs09
		SccLocalPath0 = .
		SccProjectUniqueName1 = Facebook.DotNet35\\Facebook.DotNet35.csproj
		SccProjectName1 = Facebook.DotNet35
		SccLocalPath1 = Facebook.DotNet35
	EndGlobalSection
	GlobalSection(TestCaseManagementSettings) = postSolution
		CategoryFile = Facebook.vsmdi
	EndGlobalSection
	GlobalSection(SolutionConfigurationPlatforms) = preSolution
		Debug|Any CPU = Debug|Any CPU
		Debug|Mixed Platforms = Debug|Mixed Platforms
		Debug|x86 = Debug|x86
		Release|Any CPU = Release|Any CPU
		Release|Mixed Platforms = Release|Mixed Platforms
		Release|x86 = Release|x86
	EndGlobalSection
	GlobalSection(ProjectConfigurationPlatforms) = postSolution
		{10A8AC51-2CF3-4B0F-ACA9-3B47BD8740F4}.Debug|Any CPU.ActiveCfg = Debug|Any CPU
		{10A8AC51-2CF3-4B0F-ACA9-3B47BD8740F4}.Debug|Any CPU.Build.0 = Debug|Any CPU
		{10A8AC51-2CF3-4B0F-ACA9-3B47BD8740F4}.Debug|Mixed Platforms.ActiveCfg = Debug|Any CPU
		{10A8AC51-2CF3-4B0F-ACA9-3B47BD8740F4}.Debug|Mixed Platforms.Build.0 = Debug|Any CPU
		{10A8AC51-2CF3-4B0F-ACA9-3B47BD8740F4}.Debug|x86.ActiveCfg = Debug|Any CPU
		{10A8AC51-2CF3-4B0F-ACA9-3B47BD8740F4}.Release|Any CPU.ActiveCfg = Release|Any CPU
		{10A8AC51-2CF3-4B0F-ACA9-3B47BD8740F4}.Release|Any CPU.Build.0 = Release|Any CPU
		{10A8AC51-2CF3-4B0F-ACA9-3B47BD8740F4}.Release|Mixed Platforms.ActiveCfg = Release|Any CPU
		{10A8AC51-2CF3-4B0F-ACA9-3B47BD8740F4}.Release|Mixed Platforms.Build.0 = Release|Any CPU
		{10A8AC51-2CF3-4B0F-ACA9-3B47BD8740F4}.Release|x86.ActiveCfg = Release|Any CPU
	EndGlobalSection
	GlobalSection(SolutionProperties) = preSolution
		HideSolutionNode = FALSE
	EndGlobalSection
EndGlobal
