
Microsoft Visual Studio Solution File, Format Version 11.00
# Visual Studio 2010
Project("{2150E333-8FDC-42A3-9474-1A3956D46DE8}") = "Solution Items", "Solution Items", "{56FD3D46-C67F-4989-A739-EB312AF147F0}"
	ProjectSection(SolutionItems) = preProject
		Facebook.vsmdi = Facebook.vsmdi
		Local.testsettings = Local.testsettings
		TraceAndTestImpact.testsettings = TraceAndTestImpact.testsettings
	EndProjectSection
EndProject
Project("{FAE04EC0-301F-11D3-BF4B-00C04F79EFBC}") = "Facebook", "Facebook\Facebook.csproj", "{857E540C-0092-4590-A279-F98A6B77AC0A}"
EndProject
Project("{2150E333-8FDC-42A3-9474-1A3956D46DE8}") = "Samples", "Samples", "{D759B991-FDD3-43BC-9704-0B5131EF1A1D}"
EndProject
Project("{FAE04EC0-301F-11D3-BF4B-00C04F79EFBC}") = "Facebook.Samples.MvcWebsite", "Facebook.Samples.MvcWebsite\Facebook.Samples.MvcWebsite.csproj", "{49F3C951-0062-4475-8A13-8DF4555EED45}"
EndProject
Project("{2150E333-8FDC-42A3-9474-1A3956D46DE8}") = "Tests", "Tests", "{C3E87ED9-DB22-495A-A232-F239F2902C6C}"
EndProject
Project("{FAE04EC0-301F-11D3-BF4B-00C04F79EFBC}") = "Facebook.Samples.MvcFacebookApp", "Facebook.Samples.MvcFacebookApp\Facebook.Samples.MvcFacebookApp.csproj", "{F1B97557-0717-4D98-86B3-771545C1BBEF}"
EndProject
Project("{FAE04EC0-301F-11D3-BF4B-00C04F79EFBC}") = "Facebook.Web", "Facebook.Web\Facebook.Web.csproj", "{73333465-710D-4143-BA9B-201D90EE2BAF}"
EndProject
Project("{FAE04EC0-301F-11D3-BF4B-00C04F79EFBC}") = "Facebook.Web.Mvc", "Facebook.Web.Mvc\Facebook.Web.Mvc.csproj", "{7DC5C10F-E871-4202-9014-0F958358389E}"
EndProject
Project("{FAE04EC0-301F-11D3-BF4B-00C04F79EFBC}") = "Facebook.Tests", "Facebook.Tests\Facebook.Tests.csproj", "{074FCA08-CBF4-4FA3-BF0C-A1459585990F}"
EndProject
Project("{FAE04EC0-301F-11D3-BF4B-00C04F79EFBC}") = "Facebook.Web.Tests", "Facebook.Web.Tests\Facebook.Web.Tests.csproj", "{6A2727D8-B6FA-4983-B908-94961103337C}"
EndProject
Project("{FAE04EC0-301F-11D3-BF4B-00C04F79EFBC}") = "Facebook.Samples.AspWebsite", "Facebook.Samples.AspWebsite\Facebook.Samples.AspWebsite.csproj", "{5816CD4E-D777-415C-B565-4D27DD043AEA}"
EndProject
Global
	GlobalSection(TestCaseManagementSettings) = postSolution
		CategoryFile = Facebook.vsmdi
	EndGlobalSection
	GlobalSection(SolutionConfigurationPlatforms) = preSolution
		Debug|Any CPU = Debug|Any CPU
		Debug|Mixed Platforms = Debug|Mixed Platforms
		Debug|x86 = Debug|x86
		Release|Any CPU = Release|Any CPU
		Release|Mixed Platforms = Release|Mixed Platforms
		Release|x86 = Release|x86
	EndGlobalSection
	GlobalSection(ProjectConfigurationPlatforms) = postSolution
		{857E540C-0092-4590-A279-F98A6B77AC0A}.Debug|Any CPU.ActiveCfg = Debug|Any CPU
		{857E540C-0092-4590-A279-F98A6B77AC0A}.Debug|Any CPU.Build.0 = Debug|Any CPU
		{857E540C-0092-4590-A279-F98A6B77AC0A}.Debug|Mixed Platforms.ActiveCfg = Debug|Any CPU
		{857E540C-0092-4590-A279-F98A6B77AC0A}.Debug|Mixed Platforms.Build.0 = Debug|Any CPU
		{857E540C-0092-4590-A279-F98A6B77AC0A}.Debug|x86.ActiveCfg = Debug|Any CPU
		{857E540C-0092-4590-A279-F98A6B77AC0A}.Release|Any CPU.ActiveCfg = Release|Any CPU
		{857E540C-0092-4590-A279-F98A6B77AC0A}.Release|Any CPU.Build.0 = Release|Any CPU
		{857E540C-0092-4590-A279-F98A6B77AC0A}.Release|Mixed Platforms.ActiveCfg = Release|Any CPU
		{857E540C-0092-4590-A279-F98A6B77AC0A}.Release|Mixed Platforms.Build.0 = Release|Any CPU
		{857E540C-0092-4590-A279-F98A6B77AC0A}.Release|x86.ActiveCfg = Release|Any CPU
		{49F3C951-0062-4475-8A13-8DF4555EED45}.Debug|Any CPU.ActiveCfg = Debug|Any CPU
		{49F3C951-0062-4475-8A13-8DF4555EED45}.Debug|Any CPU.Build.0 = Debug|Any CPU
		{49F3C951-0062-4475-8A13-8DF4555EED45}.Debug|Mixed Platforms.ActiveCfg = Debug|Any CPU
		{49F3C951-0062-4475-8A13-8DF4555EED45}.Debug|Mixed Platforms.Build.0 = Debug|Any CPU
		{49F3C951-0062-4475-8A13-8DF4555EED45}.Debug|x86.ActiveCfg = Debug|Any CPU
		{49F3C951-0062-4475-8A13-8DF4555EED45}.Release|Any CPU.ActiveCfg = Release|Any CPU
		{49F3C951-0062-4475-8A13-8DF4555EED45}.Release|Any CPU.Build.0 = Release|Any CPU
		{49F3C951-0062-4475-8A13-8DF4555EED45}.Release|Mixed Platforms.ActiveCfg = Release|Any CPU
		{49F3C951-0062-4475-8A13-8DF4555EED45}.Release|Mixed Platforms.Build.0 = Release|Any CPU
		{49F3C951-0062-4475-8A13-8DF4555EED45}.Release|x86.ActiveCfg = Release|Any CPU
		{F1B97557-0717-4D98-86B3-771545C1BBEF}.Debug|Any CPU.ActiveCfg = Debug|Any CPU
		{F1B97557-0717-4D98-86B3-771545C1BBEF}.Debug|Any CPU.Build.0 = Debug|Any CPU
		{F1B97557-0717-4D98-86B3-771545C1BBEF}.Debug|Mixed Platforms.ActiveCfg = Debug|Any CPU
		{F1B97557-0717-4D98-86B3-771545C1BBEF}.Debug|Mixed Platforms.Build.0 = Debug|Any CPU
		{F1B97557-0717-4D98-86B3-771545C1BBEF}.Debug|x86.ActiveCfg = Debug|Any CPU
		{F1B97557-0717-4D98-86B3-771545C1BBEF}.Release|Any CPU.ActiveCfg = Release|Any CPU
		{F1B97557-0717-4D98-86B3-771545C1BBEF}.Release|Any CPU.Build.0 = Release|Any CPU
		{F1B97557-0717-4D98-86B3-771545C1BBEF}.Release|Mixed Platforms.ActiveCfg = Release|Any CPU
		{F1B97557-0717-4D98-86B3-771545C1BBEF}.Release|Mixed Platforms.Build.0 = Release|Any CPU
		{F1B97557-0717-4D98-86B3-771545C1BBEF}.Release|x86.ActiveCfg = Release|Any CPU
		{73333465-710D-4143-BA9B-201D90EE2BAF}.Debug|Any CPU.ActiveCfg = Debug|Any CPU
		{73333465-710D-4143-BA9B-201D90EE2BAF}.Debug|Any CPU.Build.0 = Debug|Any CPU
		{73333465-710D-4143-BA9B-201D90EE2BAF}.Debug|Mixed Platforms.ActiveCfg = Debug|Any CPU
		{73333465-710D-4143-BA9B-201D90EE2BAF}.Debug|Mixed Platforms.Build.0 = Debug|Any CPU
		{73333465-710D-4143-BA9B-201D90EE2BAF}.Debug|x86.ActiveCfg = Debug|Any CPU
		{73333465-710D-4143-BA9B-201D90EE2BAF}.Release|Any CPU.ActiveCfg = Release|Any CPU
		{73333465-710D-4143-BA9B-201D90EE2BAF}.Release|Any CPU.Build.0 = Release|Any CPU
		{73333465-710D-4143-BA9B-201D90EE2BAF}.Release|Mixed Platforms.ActiveCfg = Release|Any CPU
		{73333465-710D-4143-BA9B-201D90EE2BAF}.Release|Mixed Platforms.Build.0 = Release|Any CPU
		{73333465-710D-4143-BA9B-201D90EE2BAF}.Release|x86.ActiveCfg = Release|Any CPU
		{7DC5C10F-E871-4202-9014-0F958358389E}.Debug|Any CPU.ActiveCfg = Debug|Any CPU
		{7DC5C10F-E871-4202-9014-0F958358389E}.Debug|Any CPU.Build.0 = Debug|Any CPU
		{7DC5C10F-E871-4202-9014-0F958358389E}.Debug|Mixed Platforms.ActiveCfg = Debug|Any CPU
		{7DC5C10F-E871-4202-9014-0F958358389E}.Debug|Mixed Platforms.Build.0 = Debug|Any CPU
		{7DC5C10F-E871-4202-9014-0F958358389E}.Debug|x86.ActiveCfg = Debug|Any CPU
		{7DC5C10F-E871-4202-9014-0F958358389E}.Release|Any CPU.ActiveCfg = Release|Any CPU
		{7DC5C10F-E871-4202-9014-0F958358389E}.Release|Any CPU.Build.0 = Release|Any CPU
		{7DC5C10F-E871-4202-9014-0F958358389E}.Release|Mixed Platforms.ActiveCfg = Release|Any CPU
		{7DC5C10F-E871-4202-9014-0F958358389E}.Release|Mixed Platforms.Build.0 = Release|Any CPU
		{7DC5C10F-E871-4202-9014-0F958358389E}.Release|x86.ActiveCfg = Release|Any CPU
		{074FCA08-CBF4-4FA3-BF0C-A1459585990F}.Debug|Any CPU.ActiveCfg = Debug|Any CPU
		{074FCA08-CBF4-4FA3-BF0C-A1459585990F}.Debug|Any CPU.Build.0 = Debug|Any CPU
		{074FCA08-CBF4-4FA3-BF0C-A1459585990F}.Debug|Mixed Platforms.ActiveCfg = Debug|Any CPU
		{074FCA08-CBF4-4FA3-BF0C-A1459585990F}.Debug|Mixed Platforms.Build.0 = Debug|Any CPU
		{074FCA08-CBF4-4FA3-BF0C-A1459585990F}.Debug|x86.ActiveCfg = Debug|Any CPU
		{074FCA08-CBF4-4FA3-BF0C-A1459585990F}.Release|Any CPU.ActiveCfg = Release|Any CPU
		{074FCA08-CBF4-4FA3-BF0C-A1459585990F}.Release|Any CPU.Build.0 = Release|Any CPU
		{074FCA08-CBF4-4FA3-BF0C-A1459585990F}.Release|Mixed Platforms.ActiveCfg = Release|Any CPU
		{074FCA08-CBF4-4FA3-BF0C-A1459585990F}.Release|Mixed Platforms.Build.0 = Release|Any CPU
		{074FCA08-CBF4-4FA3-BF0C-A1459585990F}.Release|x86.ActiveCfg = Release|Any CPU
		{6A2727D8-B6FA-4983-B908-94961103337C}.Debug|Any CPU.ActiveCfg = Debug|Any CPU
		{6A2727D8-B6FA-4983-B908-94961103337C}.Debug|Any CPU.Build.0 = Debug|Any CPU
		{6A2727D8-B6FA-4983-B908-94961103337C}.Debug|Mixed Platforms.ActiveCfg = Debug|Any CPU
		{6A2727D8-B6FA-4983-B908-94961103337C}.Debug|x86.ActiveCfg = Debug|Any CPU
		{6A2727D8-B6FA-4983-B908-94961103337C}.Release|Any CPU.ActiveCfg = Release|Any CPU
		{6A2727D8-B6FA-4983-B908-94961103337C}.Release|Any CPU.Build.0 = Release|Any CPU
		{6A2727D8-B6FA-4983-B908-94961103337C}.Release|Mixed Platforms.ActiveCfg = Release|Any CPU
		{6A2727D8-B6FA-4983-B908-94961103337C}.Release|Mixed Platforms.Build.0 = Release|Any CPU
		{6A2727D8-B6FA-4983-B908-94961103337C}.Release|x86.ActiveCfg = Release|Any CPU
		{5816CD4E-D777-415C-B565-4D27DD043AEA}.Debug|Any CPU.ActiveCfg = Debug|Any CPU
		{5816CD4E-D777-415C-B565-4D27DD043AEA}.Debug|Any CPU.Build.0 = Debug|Any CPU
		{5816CD4E-D777-415C-B565-4D27DD043AEA}.Debug|Mixed Platforms.ActiveCfg = Debug|Any CPU
		{5816CD4E-D777-415C-B565-4D27DD043AEA}.Debug|Mixed Platforms.Build.0 = Debug|Any CPU
		{5816CD4E-D777-415C-B565-4D27DD043AEA}.Debug|x86.ActiveCfg = Debug|Any CPU
		{5816CD4E-D777-415C-B565-4D27DD043AEA}.Release|Any CPU.ActiveCfg = Release|Any CPU
		{5816CD4E-D777-415C-B565-4D27DD043AEA}.Release|Any CPU.Build.0 = Release|Any CPU
		{5816CD4E-D777-415C-B565-4D27DD043AEA}.Release|Mixed Platforms.ActiveCfg = Release|Any CPU
		{5816CD4E-D777-415C-B565-4D27DD043AEA}.Release|Mixed Platforms.Build.0 = Release|Any CPU
		{5816CD4E-D777-415C-B565-4D27DD043AEA}.Release|x86.ActiveCfg = Release|Any CPU
	EndGlobalSection
	GlobalSection(SolutionProperties) = preSolution
		HideSolutionNode = FALSE
	EndGlobalSection
	GlobalSection(NestedProjects) = preSolution
		{56FD3D46-C67F-4989-A739-EB312AF147F0} = {C3E87ED9-DB22-495A-A232-F239F2902C6C}
		{074FCA08-CBF4-4FA3-BF0C-A1459585990F} = {C3E87ED9-DB22-495A-A232-F239F2902C6C}
		{6A2727D8-B6FA-4983-B908-94961103337C} = {C3E87ED9-DB22-495A-A232-F239F2902C6C}
		{49F3C951-0062-4475-8A13-8DF4555EED45} = {D759B991-FDD3-43BC-9704-0B5131EF1A1D}
		{F1B97557-0717-4D98-86B3-771545C1BBEF} = {D759B991-FDD3-43BC-9704-0B5131EF1A1D}
		{5816CD4E-D777-415C-B565-4D27DD043AEA} = {D759B991-FDD3-43BC-9704-0B5131EF1A1D}
	EndGlobalSection
EndGlobal
