
Microsoft Visual Studio Solution File, Format Version 11.00
# Visual Studio 2010
Project("{2150E333-8FDC-42A3-9474-1A3956D46DE8}") = "Solution Items", "Solution Items", "{56FD3D46-C67F-4989-A739-EB312AF147F0}"
	ProjectSection(SolutionItems) = preProject
		Facebook.vsmdi = Facebook.vsmdi
		Local.testsettings = Local.testsettings
		TraceAndTestImpact.testsettings = TraceAndTestImpact.testsettings
	EndProjectSection
EndProject
Project("{2150E333-8FDC-42A3-9474-1A3956D46DE8}") = "Samples", "Samples", "{D759B991-FDD3-43BC-9704-0B5131EF1A1D}"
EndProject
Project("{FAE04EC0-301F-11D3-BF4B-00C04F79EFBC}") = "Facebook.Samples.AuthenticationTool", "Facebook.Samples.AuthenticationTool\Facebook.Samples.AuthenticationTool.csproj", "{0803C098-C7CB-40B7-8B87-67F98660609E}"
EndProject
Project("{FAE04EC0-301F-11D3-BF4B-00C04F79EFBC}") = "Facebook-Net40Client", "Facebook\Facebook-Net40Client.csproj", "{857E540C-0092-4590-A279-F98A6B77AC0A}"
EndProject
Project("{FAE04EC0-301F-11D3-BF4B-00C04F79EFBC}") = "Facebook.Samples.WpfApplication", "Facebook.Samples.WpfApplication\Facebook.Samples.WpfApplication.csproj", "{0D299F9A-7EF8-4A5E-BBF2-A982A331F484}"
EndProject
Global
	GlobalSection(TeamFoundationVersionControl) = preSolution
		SccNumberOfProjects = 4
		SccEnterpriseProvider = {4CA58AB2-18FA-4F8D-95D4-32DDF27D184C}
		SccTeamFoundationServer = https://tfs.codeplex.com/tfs/tfs09
		SccLocalPath0 = .
		SccProjectUniqueName1 = Facebook.Samples.AuthenticationTool\\Facebook.Samples.AuthenticationTool.csproj
		SccProjectTopLevelParentUniqueName1 = Facebook-Net40Client.sln
		SccProjectName1 = Facebook.Samples.AuthenticationTool
		SccLocalPath1 = Facebook.Samples.AuthenticationTool
		SccProjectUniqueName2 = Facebook\\Facebook-Net40Client.csproj
		SccProjectName2 = Facebook
		SccLocalPath2 = Facebook
		SccProjectUniqueName3 = Facebook.Samples.WpfApplication\\Facebook.Samples.WpfApplication.csproj
		SccProjectTopLevelParentUniqueName3 = Facebook-Net40Client.sln
		SccProjectName3 = Facebook.Samples.WpfApplication
		SccLocalPath3 = Facebook.Samples.WpfApplication
	EndGlobalSection
	GlobalSection(TestCaseManagementSettings) = postSolution
		CategoryFile = Facebook.vsmdi
	EndGlobalSection
	GlobalSection(SolutionConfigurationPlatforms) = preSolution
		ClientProfile - Debug|Any CPU = ClientProfile - Debug|Any CPU
		ClientProfile - Debug|Mixed Platforms = ClientProfile - Debug|Mixed Platforms
		ClientProfile - Debug|x86 = ClientProfile - Debug|x86
		ClientProfile - Release|Any CPU = ClientProfile - Release|Any CPU
		ClientProfile - Release|Mixed Platforms = ClientProfile - Release|Mixed Platforms
		ClientProfile - Release|x86 = ClientProfile - Release|x86
		Debug|Any CPU = Debug|Any CPU
		Debug|Mixed Platforms = Debug|Mixed Platforms
		Debug|x86 = Debug|x86
		DotNet35 - Debug|Any CPU = DotNet35 - Debug|Any CPU
		DotNet35 - Debug|Mixed Platforms = DotNet35 - Debug|Mixed Platforms
		DotNet35 - Debug|x86 = DotNet35 - Debug|x86
		DotNet35 - Release|Any CPU = DotNet35 - Release|Any CPU
		DotNet35 - Release|Mixed Platforms = DotNet35 - Release|Mixed Platforms
		DotNet35 - Release|x86 = DotNet35 - Release|x86
		Release|Any CPU = Release|Any CPU
		Release|Mixed Platforms = Release|Mixed Platforms
		Release|x86 = Release|x86
		Silverlight - Debug|Any CPU = Silverlight - Debug|Any CPU
		Silverlight - Debug|Mixed Platforms = Silverlight - Debug|Mixed Platforms
		Silverlight - Debug|x86 = Silverlight - Debug|x86
		Silverlight - Release|Any CPU = Silverlight - Release|Any CPU
		Silverlight - Release|Mixed Platforms = Silverlight - Release|Mixed Platforms
		Silverlight - Release|x86 = Silverlight - Release|x86
		WindowsPhone - Debug|Any CPU = WindowsPhone - Debug|Any CPU
		WindowsPhone - Debug|Mixed Platforms = WindowsPhone - Debug|Mixed Platforms
		WindowsPhone - Debug|x86 = WindowsPhone - Debug|x86
		WindowsPhone - Release|Any CPU = WindowsPhone - Release|Any CPU
		WindowsPhone - Release|Mixed Platforms = WindowsPhone - Release|Mixed Platforms
		WindowsPhone - Release|x86 = WindowsPhone - Release|x86
	EndGlobalSection
	GlobalSection(ProjectConfigurationPlatforms) = postSolution
		{0803C098-C7CB-40B7-8B87-67F98660609E}.ClientProfile - Debug|Any CPU.ActiveCfg = ClientProfile - Debug|x86
		{0803C098-C7CB-40B7-8B87-67F98660609E}.ClientProfile - Debug|Mixed Platforms.ActiveCfg = ClientProfile - Debug|x86
		{0803C098-C7CB-40B7-8B87-67F98660609E}.ClientProfile - Debug|Mixed Platforms.Build.0 = ClientProfile - Debug|x86
		{0803C098-C7CB-40B7-8B87-67F98660609E}.ClientProfile - Debug|x86.ActiveCfg = ClientProfile - Debug|x86
		{0803C098-C7CB-40B7-8B87-67F98660609E}.ClientProfile - Debug|x86.Build.0 = ClientProfile - Debug|x86
		{0803C098-C7CB-40B7-8B87-67F98660609E}.ClientProfile - Release|Any CPU.ActiveCfg = ClientProfile - Release|x86
		{0803C098-C7CB-40B7-8B87-67F98660609E}.ClientProfile - Release|Mixed Platforms.ActiveCfg = ClientProfile - Release|x86
		{0803C098-C7CB-40B7-8B87-67F98660609E}.ClientProfile - Release|Mixed Platforms.Build.0 = ClientProfile - Release|x86
		{0803C098-C7CB-40B7-8B87-67F98660609E}.ClientProfile - Release|x86.ActiveCfg = ClientProfile - Release|x86
		{0803C098-C7CB-40B7-8B87-67F98660609E}.ClientProfile - Release|x86.Build.0 = ClientProfile - Release|x86
		{0803C098-C7CB-40B7-8B87-67F98660609E}.Debug|Any CPU.ActiveCfg = Debug|x86
		{0803C098-C7CB-40B7-8B87-67F98660609E}.Debug|Mixed Platforms.ActiveCfg = Debug|x86
		{0803C098-C7CB-40B7-8B87-67F98660609E}.Debug|Mixed Platforms.Build.0 = Debug|x86
		{0803C098-C7CB-40B7-8B87-67F98660609E}.Debug|x86.ActiveCfg = Debug|x86
		{0803C098-C7CB-40B7-8B87-67F98660609E}.Debug|x86.Build.0 = Debug|x86
		{0803C098-C7CB-40B7-8B87-67F98660609E}.DotNet35 - Debug|Any CPU.ActiveCfg = DotNet35 - Debug|x86
		{0803C098-C7CB-40B7-8B87-67F98660609E}.DotNet35 - Debug|Mixed Platforms.ActiveCfg = DotNet35 - Debug|x86
		{0803C098-C7CB-40B7-8B87-67F98660609E}.DotNet35 - Debug|Mixed Platforms.Build.0 = DotNet35 - Debug|x86
		{0803C098-C7CB-40B7-8B87-67F98660609E}.DotNet35 - Debug|x86.ActiveCfg = DotNet35 - Debug|x86
		{0803C098-C7CB-40B7-8B87-67F98660609E}.DotNet35 - Debug|x86.Build.0 = DotNet35 - Debug|x86
		{0803C098-C7CB-40B7-8B87-67F98660609E}.DotNet35 - Release|Any CPU.ActiveCfg = DotNet35 - Release|x86
		{0803C098-C7CB-40B7-8B87-67F98660609E}.DotNet35 - Release|Mixed Platforms.ActiveCfg = DotNet35 - Release|x86
		{0803C098-C7CB-40B7-8B87-67F98660609E}.DotNet35 - Release|Mixed Platforms.Build.0 = DotNet35 - Release|x86
		{0803C098-C7CB-40B7-8B87-67F98660609E}.DotNet35 - Release|x86.ActiveCfg = DotNet35 - Release|x86
		{0803C098-C7CB-40B7-8B87-67F98660609E}.DotNet35 - Release|x86.Build.0 = DotNet35 - Release|x86
		{0803C098-C7CB-40B7-8B87-67F98660609E}.Release|Any CPU.ActiveCfg = Release|x86
		{0803C098-C7CB-40B7-8B87-67F98660609E}.Release|Mixed Platforms.ActiveCfg = Release|x86
		{0803C098-C7CB-40B7-8B87-67F98660609E}.Release|Mixed Platforms.Build.0 = Release|x86
		{0803C098-C7CB-40B7-8B87-67F98660609E}.Release|x86.ActiveCfg = Release|x86
		{0803C098-C7CB-40B7-8B87-67F98660609E}.Release|x86.Build.0 = Release|x86
		{0803C098-C7CB-40B7-8B87-67F98660609E}.Silverlight - Debug|Any CPU.ActiveCfg = Silverlight - Debug|x86
		{0803C098-C7CB-40B7-8B87-67F98660609E}.Silverlight - Debug|Mixed Platforms.ActiveCfg = Silverlight - Debug|x86
		{0803C098-C7CB-40B7-8B87-67F98660609E}.Silverlight - Debug|Mixed Platforms.Build.0 = Silverlight - Debug|x86
		{0803C098-C7CB-40B7-8B87-67F98660609E}.Silverlight - Debug|x86.ActiveCfg = Silverlight - Debug|x86
		{0803C098-C7CB-40B7-8B87-67F98660609E}.Silverlight - Debug|x86.Build.0 = Silverlight - Debug|x86
		{0803C098-C7CB-40B7-8B87-67F98660609E}.Silverlight - Release|Any CPU.ActiveCfg = Silverlight - Release|x86
		{0803C098-C7CB-40B7-8B87-67F98660609E}.Silverlight - Release|Mixed Platforms.ActiveCfg = Silverlight - Release|x86
		{0803C098-C7CB-40B7-8B87-67F98660609E}.Silverlight - Release|Mixed Platforms.Build.0 = Silverlight - Release|x86
		{0803C098-C7CB-40B7-8B87-67F98660609E}.Silverlight - Release|x86.ActiveCfg = Silverlight - Release|x86
		{0803C098-C7CB-40B7-8B87-67F98660609E}.Silverlight - Release|x86.Build.0 = Silverlight - Release|x86
		{0803C098-C7CB-40B7-8B87-67F98660609E}.WindowsPhone - Debug|Any CPU.ActiveCfg = WindowsPhone - Debug|x86
		{0803C098-C7CB-40B7-8B87-67F98660609E}.WindowsPhone - Debug|Mixed Platforms.ActiveCfg = WindowsPhone - Debug|x86
		{0803C098-C7CB-40B7-8B87-67F98660609E}.WindowsPhone - Debug|Mixed Platforms.Build.0 = WindowsPhone - Debug|x86
		{0803C098-C7CB-40B7-8B87-67F98660609E}.WindowsPhone - Debug|x86.ActiveCfg = WindowsPhone - Debug|x86
		{0803C098-C7CB-40B7-8B87-67F98660609E}.WindowsPhone - Debug|x86.Build.0 = WindowsPhone - Debug|x86
		{0803C098-C7CB-40B7-8B87-67F98660609E}.WindowsPhone - Release|Any CPU.ActiveCfg = WindowsPhone - Release|x86
		{0803C098-C7CB-40B7-8B87-67F98660609E}.WindowsPhone - Release|Mixed Platforms.ActiveCfg = WindowsPhone - Release|x86
		{0803C098-C7CB-40B7-8B87-67F98660609E}.WindowsPhone - Release|Mixed Platforms.Build.0 = WindowsPhone - Release|x86
		{0803C098-C7CB-40B7-8B87-67F98660609E}.WindowsPhone - Release|x86.ActiveCfg = WindowsPhone - Release|x86
		{0803C098-C7CB-40B7-8B87-67F98660609E}.WindowsPhone - Release|x86.Build.0 = WindowsPhone - Release|x86
		{857E540C-0092-4590-A279-F98A6B77AC0A}.ClientProfile - Debug|Any CPU.ActiveCfg = Debug|Any CPU
		{857E540C-0092-4590-A279-F98A6B77AC0A}.ClientProfile - Debug|Any CPU.Build.0 = Debug|Any CPU
		{857E540C-0092-4590-A279-F98A6B77AC0A}.ClientProfile - Debug|Mixed Platforms.ActiveCfg = Debug|Any CPU
		{857E540C-0092-4590-A279-F98A6B77AC0A}.ClientProfile - Debug|Mixed Platforms.Build.0 = Debug|Any CPU
		{857E540C-0092-4590-A279-F98A6B77AC0A}.ClientProfile - Debug|x86.ActiveCfg = Debug|Any CPU
		{857E540C-0092-4590-A279-F98A6B77AC0A}.ClientProfile - Release|Any CPU.ActiveCfg = Release|Any CPU
		{857E540C-0092-4590-A279-F98A6B77AC0A}.ClientProfile - Release|Any CPU.Build.0 = Release|Any CPU
		{857E540C-0092-4590-A279-F98A6B77AC0A}.ClientProfile - Release|Mixed Platforms.ActiveCfg = Release|Any CPU
		{857E540C-0092-4590-A279-F98A6B77AC0A}.ClientProfile - Release|Mixed Platforms.Build.0 = Release|Any CPU
		{857E540C-0092-4590-A279-F98A6B77AC0A}.ClientProfile - Release|x86.ActiveCfg = Release|Any CPU
		{857E540C-0092-4590-A279-F98A6B77AC0A}.Debug|Any CPU.ActiveCfg = Debug|Any CPU
		{857E540C-0092-4590-A279-F98A6B77AC0A}.Debug|Any CPU.Build.0 = Debug|Any CPU
		{857E540C-0092-4590-A279-F98A6B77AC0A}.Debug|Mixed Platforms.ActiveCfg = Debug|Any CPU
		{857E540C-0092-4590-A279-F98A6B77AC0A}.Debug|Mixed Platforms.Build.0 = Debug|Any CPU
		{857E540C-0092-4590-A279-F98A6B77AC0A}.Debug|x86.ActiveCfg = Debug|Any CPU
		{857E540C-0092-4590-A279-F98A6B77AC0A}.DotNet35 - Debug|Any CPU.ActiveCfg = Debug|Any CPU
		{857E540C-0092-4590-A279-F98A6B77AC0A}.DotNet35 - Debug|Any CPU.Build.0 = Debug|Any CPU
		{857E540C-0092-4590-A279-F98A6B77AC0A}.DotNet35 - Debug|Mixed Platforms.ActiveCfg = Debug|Any CPU
		{857E540C-0092-4590-A279-F98A6B77AC0A}.DotNet35 - Debug|Mixed Platforms.Build.0 = Debug|Any CPU
		{857E540C-0092-4590-A279-F98A6B77AC0A}.DotNet35 - Debug|x86.ActiveCfg = Debug|Any CPU
		{857E540C-0092-4590-A279-F98A6B77AC0A}.DotNet35 - Release|Any CPU.ActiveCfg = Release|Any CPU
		{857E540C-0092-4590-A279-F98A6B77AC0A}.DotNet35 - Release|Any CPU.Build.0 = Release|Any CPU
		{857E540C-0092-4590-A279-F98A6B77AC0A}.DotNet35 - Release|Mixed Platforms.ActiveCfg = Release|Any CPU
		{857E540C-0092-4590-A279-F98A6B77AC0A}.DotNet35 - Release|Mixed Platforms.Build.0 = Release|Any CPU
		{857E540C-0092-4590-A279-F98A6B77AC0A}.DotNet35 - Release|x86.ActiveCfg = Release|Any CPU
		{857E540C-0092-4590-A279-F98A6B77AC0A}.Release|Any CPU.ActiveCfg = Release|Any CPU
		{857E540C-0092-4590-A279-F98A6B77AC0A}.Release|Any CPU.Build.0 = Release|Any CPU
		{857E540C-0092-4590-A279-F98A6B77AC0A}.Release|Mixed Platforms.ActiveCfg = Release|Any CPU
		{857E540C-0092-4590-A279-F98A6B77AC0A}.Release|Mixed Platforms.Build.0 = Release|Any CPU
		{857E540C-0092-4590-A279-F98A6B77AC0A}.Release|x86.ActiveCfg = Release|Any CPU
		{857E540C-0092-4590-A279-F98A6B77AC0A}.Silverlight - Debug|Any CPU.ActiveCfg = Debug|Any CPU
		{857E540C-0092-4590-A279-F98A6B77AC0A}.Silverlight - Debug|Any CPU.Build.0 = Debug|Any CPU
		{857E540C-0092-4590-A279-F98A6B77AC0A}.Silverlight - Debug|Mixed Platforms.ActiveCfg = Debug|Any CPU
		{857E540C-0092-4590-A279-F98A6B77AC0A}.Silverlight - Debug|Mixed Platforms.Build.0 = Debug|Any CPU
		{857E540C-0092-4590-A279-F98A6B77AC0A}.Silverlight - Debug|x86.ActiveCfg = Debug|Any CPU
		{857E540C-0092-4590-A279-F98A6B77AC0A}.Silverlight - Release|Any CPU.ActiveCfg = Release|Any CPU
		{857E540C-0092-4590-A279-F98A6B77AC0A}.Silverlight - Release|Any CPU.Build.0 = Release|Any CPU
		{857E540C-0092-4590-A279-F98A6B77AC0A}.Silverlight - Release|Mixed Platforms.ActiveCfg = Release|Any CPU
		{857E540C-0092-4590-A279-F98A6B77AC0A}.Silverlight - Release|Mixed Platforms.Build.0 = Release|Any CPU
		{857E540C-0092-4590-A279-F98A6B77AC0A}.Silverlight - Release|x86.ActiveCfg = Release|Any CPU
		{857E540C-0092-4590-A279-F98A6B77AC0A}.WindowsPhone - Debug|Any CPU.ActiveCfg = Debug|Any CPU
		{857E540C-0092-4590-A279-F98A6B77AC0A}.WindowsPhone - Debug|Any CPU.Build.0 = Debug|Any CPU
		{857E540C-0092-4590-A279-F98A6B77AC0A}.WindowsPhone - Debug|Mixed Platforms.ActiveCfg = Debug|Any CPU
		{857E540C-0092-4590-A279-F98A6B77AC0A}.WindowsPhone - Debug|Mixed Platforms.Build.0 = Debug|Any CPU
		{857E540C-0092-4590-A279-F98A6B77AC0A}.WindowsPhone - Debug|x86.ActiveCfg = Debug|Any CPU
		{857E540C-0092-4590-A279-F98A6B77AC0A}.WindowsPhone - Release|Any CPU.ActiveCfg = Release|Any CPU
		{857E540C-0092-4590-A279-F98A6B77AC0A}.WindowsPhone - Release|Any CPU.Build.0 = Release|Any CPU
		{857E540C-0092-4590-A279-F98A6B77AC0A}.WindowsPhone - Release|Mixed Platforms.ActiveCfg = Release|Any CPU
		{857E540C-0092-4590-A279-F98A6B77AC0A}.WindowsPhone - Release|Mixed Platforms.Build.0 = Release|Any CPU
		{857E540C-0092-4590-A279-F98A6B77AC0A}.WindowsPhone - Release|x86.ActiveCfg = Release|Any CPU
		{0D299F9A-7EF8-4A5E-BBF2-A982A331F484}.ClientProfile - Debug|Any CPU.ActiveCfg = Debug|x86
		{0D299F9A-7EF8-4A5E-BBF2-A982A331F484}.ClientProfile - Debug|Mixed Platforms.ActiveCfg = Debug|x86
		{0D299F9A-7EF8-4A5E-BBF2-A982A331F484}.ClientProfile - Debug|Mixed Platforms.Build.0 = Debug|x86
		{0D299F9A-7EF8-4A5E-BBF2-A982A331F484}.ClientProfile - Debug|x86.ActiveCfg = Debug|x86
		{0D299F9A-7EF8-4A5E-BBF2-A982A331F484}.ClientProfile - Debug|x86.Build.0 = Debug|x86
		{0D299F9A-7EF8-4A5E-BBF2-A982A331F484}.ClientProfile - Release|Any CPU.ActiveCfg = Release|x86
		{0D299F9A-7EF8-4A5E-BBF2-A982A331F484}.ClientProfile - Release|Mixed Platforms.ActiveCfg = Release|x86
		{0D299F9A-7EF8-4A5E-BBF2-A982A331F484}.ClientProfile - Release|Mixed Platforms.Build.0 = Release|x86
		{0D299F9A-7EF8-4A5E-BBF2-A982A331F484}.ClientProfile - Release|x86.ActiveCfg = Release|x86
		{0D299F9A-7EF8-4A5E-BBF2-A982A331F484}.ClientProfile - Release|x86.Build.0 = Release|x86
		{0D299F9A-7EF8-4A5E-BBF2-A982A331F484}.Debug|Any CPU.ActiveCfg = Debug|x86
		{0D299F9A-7EF8-4A5E-BBF2-A982A331F484}.Debug|Mixed Platforms.ActiveCfg = Debug|x86
		{0D299F9A-7EF8-4A5E-BBF2-A982A331F484}.Debug|Mixed Platforms.Build.0 = Debug|x86
		{0D299F9A-7EF8-4A5E-BBF2-A982A331F484}.Debug|x86.ActiveCfg = Debug|x86
		{0D299F9A-7EF8-4A5E-BBF2-A982A331F484}.Debug|x86.Build.0 = Debug|x86
		{0D299F9A-7EF8-4A5E-BBF2-A982A331F484}.DotNet35 - Debug|Any CPU.ActiveCfg = Debug|x86
		{0D299F9A-7EF8-4A5E-BBF2-A982A331F484}.DotNet35 - Debug|Mixed Platforms.ActiveCfg = Debug|x86
		{0D299F9A-7EF8-4A5E-BBF2-A982A331F484}.DotNet35 - Debug|Mixed Platforms.Build.0 = Debug|x86
		{0D299F9A-7EF8-4A5E-BBF2-A982A331F484}.DotNet35 - Debug|x86.ActiveCfg = Debug|x86
		{0D299F9A-7EF8-4A5E-BBF2-A982A331F484}.DotNet35 - Debug|x86.Build.0 = Debug|x86
		{0D299F9A-7EF8-4A5E-BBF2-A982A331F484}.DotNet35 - Release|Any CPU.ActiveCfg = Release|x86
		{0D299F9A-7EF8-4A5E-BBF2-A982A331F484}.DotNet35 - Release|Mixed Platforms.ActiveCfg = Release|x86
		{0D299F9A-7EF8-4A5E-BBF2-A982A331F484}.DotNet35 - Release|Mixed Platforms.Build.0 = Release|x86
		{0D299F9A-7EF8-4A5E-BBF2-A982A331F484}.DotNet35 - Release|x86.ActiveCfg = Release|x86
		{0D299F9A-7EF8-4A5E-BBF2-A982A331F484}.DotNet35 - Release|x86.Build.0 = Release|x86
		{0D299F9A-7EF8-4A5E-BBF2-A982A331F484}.Release|Any CPU.ActiveCfg = Release|x86
		{0D299F9A-7EF8-4A5E-BBF2-A982A331F484}.Release|Mixed Platforms.ActiveCfg = Release|x86
		{0D299F9A-7EF8-4A5E-BBF2-A982A331F484}.Release|Mixed Platforms.Build.0 = Release|x86
		{0D299F9A-7EF8-4A5E-BBF2-A982A331F484}.Release|x86.ActiveCfg = Release|x86
		{0D299F9A-7EF8-4A5E-BBF2-A982A331F484}.Release|x86.Build.0 = Release|x86
		{0D299F9A-7EF8-4A5E-BBF2-A982A331F484}.Silverlight - Debug|Any CPU.ActiveCfg = Debug|x86
		{0D299F9A-7EF8-4A5E-BBF2-A982A331F484}.Silverlight - Debug|Mixed Platforms.ActiveCfg = Debug|x86
		{0D299F9A-7EF8-4A5E-BBF2-A982A331F484}.Silverlight - Debug|Mixed Platforms.Build.0 = Debug|x86
		{0D299F9A-7EF8-4A5E-BBF2-A982A331F484}.Silverlight - Debug|x86.ActiveCfg = Debug|x86
		{0D299F9A-7EF8-4A5E-BBF2-A982A331F484}.Silverlight - Debug|x86.Build.0 = Debug|x86
		{0D299F9A-7EF8-4A5E-BBF2-A982A331F484}.Silverlight - Release|Any CPU.ActiveCfg = Release|x86
		{0D299F9A-7EF8-4A5E-BBF2-A982A331F484}.Silverlight - Release|Mixed Platforms.ActiveCfg = Release|x86
		{0D299F9A-7EF8-4A5E-BBF2-A982A331F484}.Silverlight - Release|Mixed Platforms.Build.0 = Release|x86
		{0D299F9A-7EF8-4A5E-BBF2-A982A331F484}.Silverlight - Release|x86.ActiveCfg = Release|x86
		{0D299F9A-7EF8-4A5E-BBF2-A982A331F484}.Silverlight - Release|x86.Build.0 = Release|x86
		{0D299F9A-7EF8-4A5E-BBF2-A982A331F484}.WindowsPhone - Debug|Any CPU.ActiveCfg = Debug|x86
		{0D299F9A-7EF8-4A5E-BBF2-A982A331F484}.WindowsPhone - Debug|Mixed Platforms.ActiveCfg = Debug|x86
		{0D299F9A-7EF8-4A5E-BBF2-A982A331F484}.WindowsPhone - Debug|Mixed Platforms.Build.0 = Debug|x86
		{0D299F9A-7EF8-4A5E-BBF2-A982A331F484}.WindowsPhone - Debug|x86.ActiveCfg = Debug|x86
		{0D299F9A-7EF8-4A5E-BBF2-A982A331F484}.WindowsPhone - Debug|x86.Build.0 = Debug|x86
		{0D299F9A-7EF8-4A5E-BBF2-A982A331F484}.WindowsPhone - Release|Any CPU.ActiveCfg = Release|x86
		{0D299F9A-7EF8-4A5E-BBF2-A982A331F484}.WindowsPhone - Release|Mixed Platforms.ActiveCfg = Release|x86
		{0D299F9A-7EF8-4A5E-BBF2-A982A331F484}.WindowsPhone - Release|Mixed Platforms.Build.0 = Release|x86
		{0D299F9A-7EF8-4A5E-BBF2-A982A331F484}.WindowsPhone - Release|x86.ActiveCfg = Release|x86
		{0D299F9A-7EF8-4A5E-BBF2-A982A331F484}.WindowsPhone - Release|x86.Build.0 = Release|x86
	EndGlobalSection
	GlobalSection(SolutionProperties) = preSolution
		HideSolutionNode = FALSE
	EndGlobalSection
	GlobalSection(NestedProjects) = preSolution
		{0803C098-C7CB-40B7-8B87-67F98660609E} = {D759B991-FDD3-43BC-9704-0B5131EF1A1D}
		{0D299F9A-7EF8-4A5E-BBF2-A982A331F484} = {D759B991-FDD3-43BC-9704-0B5131EF1A1D}
	EndGlobalSection
EndGlobal
