
Microsoft Visual Studio Solution File, Format Version 11.00
# Visual Studio 2010
Project("{2150E333-8FDC-42A3-9474-1A3956D46DE8}") = "Solution Items", "Solution Items", "{56FD3D46-C67F-4989-A739-EB312AF147F0}"
	ProjectSection(SolutionItems) = preProject
		Facebook.vsmdi = Facebook.vsmdi
		Licenses.txt = Licenses.txt
		Local.testsettings = Local.testsettings
		TraceAndTestImpact.testsettings = TraceAndTestImpact.testsettings
	EndProjectSection
EndProject
Project("{FAE04EC0-301F-11D3-BF4B-00C04F79EFBC}") = "Facebook", "Facebook\Facebook.csproj", "{857E540C-0092-4590-A279-F98A6B77AC0A}"
EndProject
Project("{2150E333-8FDC-42A3-9474-1A3956D46DE8}") = "Samples", "Samples", "{D759B991-FDD3-43BC-9704-0B5131EF1A1D}"
EndProject
Project("{FAE04EC0-301F-11D3-BF4B-00C04F79EFBC}") = "Facebook.Samples.MvcWebsite", "Facebook.Samples.MvcWebsite\Facebook.Samples.MvcWebsite.csproj", "{49F3C951-0062-4475-8A13-8DF4555EED45}"
EndProject
Project("{2150E333-8FDC-42A3-9474-1A3956D46DE8}") = "Tests", "Tests", "{C3E87ED9-DB22-495A-A232-F239F2902C6C}"
EndProject
Project("{2150E333-8FDC-42A3-9474-1A3956D46DE8}") = "Lib", "Lib", "{8136C239-9CF7-4011-B301-98E375923C74}"
	ProjectSection(SolutionItems) = preProject
		..\lib\AutoMapper.dll = ..\lib\AutoMapper.dll
		..\lib\AutoMapper.Silverlight.dll = ..\lib\AutoMapper.Silverlight.dll
	EndProjectSection
EndProject
Project("{FAE04EC0-301F-11D3-BF4B-00C04F79EFBC}") = "Facebook.Samples.WebFormsWebsite", "Facebook.Samples.WebFormsWebsite\Facebook.Samples.WebFormsWebsite.csproj", "{7BD0B32C-FD2D-43FE-8CDD-05894A47118D}"
EndProject
Project("{FAE04EC0-301F-11D3-BF4B-00C04F79EFBC}") = "Facebook.Samples.MvcFacebookApp", "Facebook.Samples.MvcFacebookApp\Facebook.Samples.MvcFacebookApp.csproj", "{F1B97557-0717-4D98-86B3-771545C1BBEF}"
EndProject
Project("{FAE04EC0-301F-11D3-BF4B-00C04F79EFBC}") = "Facebook.Web", "Facebook.Web\Facebook.Web.csproj", "{73333465-710D-4143-BA9B-201D90EE2BAF}"
EndProject
Project("{FAE04EC0-301F-11D3-BF4B-00C04F79EFBC}") = "Facebook.Web.Mvc", "Facebook.Web.Mvc\Facebook.Web.Mvc.csproj", "{7DC5C10F-E871-4202-9014-0F958358389E}"
EndProject
Project("{2150E333-8FDC-42A3-9474-1A3956D46DE8}") = "Platforms", "Platforms", "{D0FB48BE-9CB2-447D-936F-B0BEC881FEC6}"
EndProject
Project("{2150E333-8FDC-42A3-9474-1A3956D46DE8}") = "Json.Net", "Json.Net", "{22EA5522-E2C5-41D0-A7F8-B011F9A86EEC}"
EndProject
Project("{2150E333-8FDC-42A3-9474-1A3956D46DE8}") = "Silverlight", "Silverlight", "{4D2F1E44-5F34-4C47-BD69-2EB97B584F01}"
	ProjectSection(SolutionItems) = preProject
		..\lib\Json.Net\Silverlight\Newtonsoft.Json.Silverlight.dll = ..\lib\Json.Net\Silverlight\Newtonsoft.Json.Silverlight.dll
		..\lib\Json.Net\Silverlight\Newtonsoft.Json.Silverlight.pdb = ..\lib\Json.Net\Silverlight\Newtonsoft.Json.Silverlight.pdb
		..\lib\Json.Net\Silverlight\Newtonsoft.Json.Silverlight.xml = ..\lib\Json.Net\Silverlight\Newtonsoft.Json.Silverlight.xml
	EndProjectSection
EndProject
Project("{2150E333-8FDC-42A3-9474-1A3956D46DE8}") = "DotNet", "DotNet", "{756AE472-BD14-4D25-BA54-5C62F6C668D7}"
	ProjectSection(SolutionItems) = preProject
		..\lib\Json.Net\DotNet\Newtonsoft.Json.dll = ..\lib\Json.Net\DotNet\Newtonsoft.Json.dll
		..\lib\Json.Net\DotNet\Newtonsoft.Json.pdb = ..\lib\Json.Net\DotNet\Newtonsoft.Json.pdb
		..\lib\Json.Net\DotNet\Newtonsoft.Json.xml = ..\lib\Json.Net\DotNet\Newtonsoft.Json.xml
	EndProjectSection
EndProject
Project("{FAE04EC0-301F-11D3-BF4B-00C04F79EFBC}") = "Facebook.Desktop", "Facebook.Desktop\Facebook.Desktop.csproj", "{B619CEBF-663B-4BEA-852A-654552AE187B}"
EndProject
Project("{FAE04EC0-301F-11D3-BF4B-00C04F79EFBC}") = "Facebook.Samples.AuthenticationTool", "Facebook.Samples.AuthenticationTool\Facebook.Samples.AuthenticationTool.csproj", "{0803C098-C7CB-40B7-8B87-67F98660609E}"
EndProject
Project("{2150E333-8FDC-42A3-9474-1A3956D46DE8}") = "Client Profile", "Client Profile", "{BD7FFF0C-CE95-469F-8117-D8B3EC2F2A82}"
EndProject
Project("{2150E333-8FDC-42A3-9474-1A3956D46DE8}") = "Silverlight", "Silverlight", "{4DB3CAA5-68A0-4017-975B-70635D8209BB}"
EndProject
Project("{2150E333-8FDC-42A3-9474-1A3956D46DE8}") = "Web", "Web", "{247052E2-3C72-4E61-834C-F2484703AAA4}"
EndProject
Project("{2150E333-8FDC-42A3-9474-1A3956D46DE8}") = "Phone", "Phone", "{6AB88E25-E672-4886-A7EE-0C18720CD7DD}"
EndProject
Global
	GlobalSection(TeamFoundationVersionControl) = preSolution
		SccNumberOfProjects = 9
		SccEnterpriseProvider = {4CA58AB2-18FA-4F8D-95D4-32DDF27D184C}
		SccTeamFoundationServer = https://tfs.codeplex.com/tfs/tfs09
		SccLocalPath0 = .
		SccProjectUniqueName1 = Facebook\\Facebook.csproj
		SccProjectName1 = Facebook
		SccLocalPath1 = Facebook
		SccProjectUniqueName2 = Facebook.Samples.MvcWebsite\\Facebook.Samples.MvcWebsite.csproj
		SccProjectTopLevelParentUniqueName2 = Facebook.sln
		SccProjectName2 = Facebook.Samples.MvcWebsite
		SccLocalPath2 = Facebook.Samples.MvcWebsite
		SccProjectUniqueName3 = Facebook.Samples.WebFormsWebsite\\Facebook.Samples.WebFormsWebsite.csproj
		SccProjectTopLevelParentUniqueName3 = Facebook.sln
		SccProjectName3 = Facebook.Samples.WebFormsWebsite
		SccLocalPath3 = Facebook.Samples.WebFormsWebsite
		SccProjectUniqueName4 = Facebook.Samples.MvcFacebookApp\\Facebook.Samples.MvcFacebookApp.csproj
		SccProjectTopLevelParentUniqueName4 = Facebook.sln
		SccProjectName4 = Facebook.Samples.MvcFacebookApp
		SccLocalPath4 = Facebook.Samples.MvcFacebookApp
		SccProjectUniqueName5 = Facebook.Web\\Facebook.Web.csproj
		SccProjectTopLevelParentUniqueName5 = Facebook.sln
		SccProjectName5 = Facebook.Web
		SccLocalPath5 = Facebook.Web
		SccProjectUniqueName6 = Facebook.Web.Mvc\\Facebook.Web.Mvc.csproj
		SccProjectTopLevelParentUniqueName6 = Facebook.sln
		SccProjectName6 = Facebook.Web.Mvc
		SccLocalPath6 = Facebook.Web.Mvc
		SccProjectUniqueName7 = Facebook.Desktop\\Facebook.Desktop.csproj
		SccProjectTopLevelParentUniqueName7 = Facebook.sln
		SccProjectName7 = Facebook.Desktop
		SccLocalPath7 = Facebook.Desktop
		SccProjectUniqueName8 = Facebook.Samples.AuthenticationTool\\Facebook.Samples.AuthenticationTool.csproj
		SccProjectTopLevelParentUniqueName8 = Facebook.sln
		SccProjectName8 = Facebook.Samples.AuthenticationTool
		SccLocalPath8 = Facebook.Samples.AuthenticationTool
	EndGlobalSection
	GlobalSection(TestCaseManagementSettings) = postSolution
		CategoryFile = Facebook.vsmdi
	EndGlobalSection
	GlobalSection(SolutionConfigurationPlatforms) = preSolution
		Debug|Any CPU = Debug|Any CPU
		Debug|Mixed Platforms = Debug|Mixed Platforms
		Debug|x86 = Debug|x86
		Release|Any CPU = Release|Any CPU
		Release|Mixed Platforms = Release|Mixed Platforms
		Release|x86 = Release|x86
	EndGlobalSection
	GlobalSection(ProjectConfigurationPlatforms) = postSolution
		{857E540C-0092-4590-A279-F98A6B77AC0A}.Debug|Any CPU.ActiveCfg = Debug|Any CPU
		{857E540C-0092-4590-A279-F98A6B77AC0A}.Debug|Any CPU.Build.0 = Debug|Any CPU
		{857E540C-0092-4590-A279-F98A6B77AC0A}.Debug|Mixed Platforms.ActiveCfg = Debug|Any CPU
		{857E540C-0092-4590-A279-F98A6B77AC0A}.Debug|Mixed Platforms.Build.0 = Debug|Any CPU
		{857E540C-0092-4590-A279-F98A6B77AC0A}.Debug|x86.ActiveCfg = Debug|Any CPU
		{857E540C-0092-4590-A279-F98A6B77AC0A}.Release|Any CPU.ActiveCfg = Release|Any CPU
		{857E540C-0092-4590-A279-F98A6B77AC0A}.Release|Any CPU.Build.0 = Release|Any CPU
		{857E540C-0092-4590-A279-F98A6B77AC0A}.Release|Mixed Platforms.ActiveCfg = Release|Any CPU
		{857E540C-0092-4590-A279-F98A6B77AC0A}.Release|Mixed Platforms.Build.0 = Release|Any CPU
		{857E540C-0092-4590-A279-F98A6B77AC0A}.Release|x86.ActiveCfg = Release|Any CPU
		{49F3C951-0062-4475-8A13-8DF4555EED45}.Debug|Any CPU.ActiveCfg = Debug|Any CPU
		{49F3C951-0062-4475-8A13-8DF4555EED45}.Debug|Any CPU.Build.0 = Debug|Any CPU
		{49F3C951-0062-4475-8A13-8DF4555EED45}.Debug|Mixed Platforms.ActiveCfg = Debug|Any CPU
		{49F3C951-0062-4475-8A13-8DF4555EED45}.Debug|Mixed Platforms.Build.0 = Debug|Any CPU
		{49F3C951-0062-4475-8A13-8DF4555EED45}.Debug|x86.ActiveCfg = Debug|Any CPU
		{49F3C951-0062-4475-8A13-8DF4555EED45}.Release|Any CPU.ActiveCfg = Release|Any CPU
		{49F3C951-0062-4475-8A13-8DF4555EED45}.Release|Any CPU.Build.0 = Release|Any CPU
		{49F3C951-0062-4475-8A13-8DF4555EED45}.Release|Mixed Platforms.ActiveCfg = Release|Any CPU
		{49F3C951-0062-4475-8A13-8DF4555EED45}.Release|Mixed Platforms.Build.0 = Release|Any CPU
		{49F3C951-0062-4475-8A13-8DF4555EED45}.Release|x86.ActiveCfg = Release|Any CPU
		{7BD0B32C-FD2D-43FE-8CDD-05894A47118D}.Debug|Any CPU.ActiveCfg = Debug|Any CPU
		{7BD0B32C-FD2D-43FE-8CDD-05894A47118D}.Debug|Any CPU.Build.0 = Debug|Any CPU
		{7BD0B32C-FD2D-43FE-8CDD-05894A47118D}.Debug|Mixed Platforms.ActiveCfg = Debug|Any CPU
		{7BD0B32C-FD2D-43FE-8CDD-05894A47118D}.Debug|Mixed Platforms.Build.0 = Debug|Any CPU
		{7BD0B32C-FD2D-43FE-8CDD-05894A47118D}.Debug|x86.ActiveCfg = Debug|Any CPU
		{7BD0B32C-FD2D-43FE-8CDD-05894A47118D}.Release|Any CPU.ActiveCfg = Release|Any CPU
		{7BD0B32C-FD2D-43FE-8CDD-05894A47118D}.Release|Any CPU.Build.0 = Release|Any CPU
		{7BD0B32C-FD2D-43FE-8CDD-05894A47118D}.Release|Mixed Platforms.ActiveCfg = Release|Any CPU
		{7BD0B32C-FD2D-43FE-8CDD-05894A47118D}.Release|Mixed Platforms.Build.0 = Release|Any CPU
		{7BD0B32C-FD2D-43FE-8CDD-05894A47118D}.Release|x86.ActiveCfg = Release|Any CPU
		{F1B97557-0717-4D98-86B3-771545C1BBEF}.Debug|Any CPU.ActiveCfg = Debug|Any CPU
		{F1B97557-0717-4D98-86B3-771545C1BBEF}.Debug|Any CPU.Build.0 = Debug|Any CPU
		{F1B97557-0717-4D98-86B3-771545C1BBEF}.Debug|Mixed Platforms.ActiveCfg = Debug|Any CPU
		{F1B97557-0717-4D98-86B3-771545C1BBEF}.Debug|Mixed Platforms.Build.0 = Debug|Any CPU
		{F1B97557-0717-4D98-86B3-771545C1BBEF}.Debug|x86.ActiveCfg = Debug|Any CPU
		{F1B97557-0717-4D98-86B3-771545C1BBEF}.Release|Any CPU.ActiveCfg = Release|Any CPU
		{F1B97557-0717-4D98-86B3-771545C1BBEF}.Release|Any CPU.Build.0 = Release|Any CPU
		{F1B97557-0717-4D98-86B3-771545C1BBEF}.Release|Mixed Platforms.ActiveCfg = Release|Any CPU
		{F1B97557-0717-4D98-86B3-771545C1BBEF}.Release|Mixed Platforms.Build.0 = Release|Any CPU
		{F1B97557-0717-4D98-86B3-771545C1BBEF}.Release|x86.ActiveCfg = Release|Any CPU
		{73333465-710D-4143-BA9B-201D90EE2BAF}.Debug|Any CPU.ActiveCfg = Debug|Any CPU
		{73333465-710D-4143-BA9B-201D90EE2BAF}.Debug|Any CPU.Build.0 = Debug|Any CPU
		{73333465-710D-4143-BA9B-201D90EE2BAF}.Debug|Mixed Platforms.ActiveCfg = Debug|Any CPU
		{73333465-710D-4143-BA9B-201D90EE2BAF}.Debug|Mixed Platforms.Build.0 = Debug|Any CPU
		{73333465-710D-4143-BA9B-201D90EE2BAF}.Debug|x86.ActiveCfg = Debug|Any CPU
		{73333465-710D-4143-BA9B-201D90EE2BAF}.Release|Any CPU.ActiveCfg = Release|Any CPU
		{73333465-710D-4143-BA9B-201D90EE2BAF}.Release|Any CPU.Build.0 = Release|Any CPU
		{73333465-710D-4143-BA9B-201D90EE2BAF}.Release|Mixed Platforms.ActiveCfg = Release|Any CPU
		{73333465-710D-4143-BA9B-201D90EE2BAF}.Release|Mixed Platforms.Build.0 = Release|Any CPU
		{73333465-710D-4143-BA9B-201D90EE2BAF}.Release|x86.ActiveCfg = Release|Any CPU
		{7DC5C10F-E871-4202-9014-0F958358389E}.Debug|Any CPU.ActiveCfg = Debug|Any CPU
		{7DC5C10F-E871-4202-9014-0F958358389E}.Debug|Any CPU.Build.0 = Debug|Any CPU
		{7DC5C10F-E871-4202-9014-0F958358389E}.Debug|Mixed Platforms.ActiveCfg = Debug|Any CPU
		{7DC5C10F-E871-4202-9014-0F958358389E}.Debug|Mixed Platforms.Build.0 = Debug|Any CPU
		{7DC5C10F-E871-4202-9014-0F958358389E}.Debug|x86.ActiveCfg = Debug|Any CPU
		{7DC5C10F-E871-4202-9014-0F958358389E}.Release|Any CPU.ActiveCfg = Release|Any CPU
		{7DC5C10F-E871-4202-9014-0F958358389E}.Release|Any CPU.Build.0 = Release|Any CPU
		{7DC5C10F-E871-4202-9014-0F958358389E}.Release|Mixed Platforms.ActiveCfg = Release|Any CPU
		{7DC5C10F-E871-4202-9014-0F958358389E}.Release|Mixed Platforms.Build.0 = Release|Any CPU
		{7DC5C10F-E871-4202-9014-0F958358389E}.Release|x86.ActiveCfg = Release|Any CPU
		{B619CEBF-663B-4BEA-852A-654552AE187B}.Debug|Any CPU.ActiveCfg = Debug|Any CPU
		{B619CEBF-663B-4BEA-852A-654552AE187B}.Debug|Any CPU.Build.0 = Debug|Any CPU
		{B619CEBF-663B-4BEA-852A-654552AE187B}.Debug|Mixed Platforms.ActiveCfg = Debug|Any CPU
		{B619CEBF-663B-4BEA-852A-654552AE187B}.Debug|Mixed Platforms.Build.0 = Debug|Any CPU
		{B619CEBF-663B-4BEA-852A-654552AE187B}.Debug|x86.ActiveCfg = Debug|Any CPU
		{B619CEBF-663B-4BEA-852A-654552AE187B}.Release|Any CPU.ActiveCfg = Release|Any CPU
		{B619CEBF-663B-4BEA-852A-654552AE187B}.Release|Any CPU.Build.0 = Release|Any CPU
		{B619CEBF-663B-4BEA-852A-654552AE187B}.Release|Mixed Platforms.ActiveCfg = Release|Any CPU
		{B619CEBF-663B-4BEA-852A-654552AE187B}.Release|Mixed Platforms.Build.0 = Release|Any CPU
		{B619CEBF-663B-4BEA-852A-654552AE187B}.Release|x86.ActiveCfg = Release|Any CPU
		{0803C098-C7CB-40B7-8B87-67F98660609E}.Debug|Any CPU.ActiveCfg = Debug|x86
		{0803C098-C7CB-40B7-8B87-67F98660609E}.Debug|Mixed Platforms.ActiveCfg = Debug|x86
		{0803C098-C7CB-40B7-8B87-67F98660609E}.Debug|Mixed Platforms.Build.0 = Debug|x86
		{0803C098-C7CB-40B7-8B87-67F98660609E}.Debug|x86.ActiveCfg = Debug|x86
		{0803C098-C7CB-40B7-8B87-67F98660609E}.Debug|x86.Build.0 = Debug|x86
		{0803C098-C7CB-40B7-8B87-67F98660609E}.Release|Any CPU.ActiveCfg = Release|x86
		{0803C098-C7CB-40B7-8B87-67F98660609E}.Release|Mixed Platforms.ActiveCfg = Release|x86
		{0803C098-C7CB-40B7-8B87-67F98660609E}.Release|Mixed Platforms.Build.0 = Release|x86
		{0803C098-C7CB-40B7-8B87-67F98660609E}.Release|x86.ActiveCfg = Release|x86
		{0803C098-C7CB-40B7-8B87-67F98660609E}.Release|x86.Build.0 = Release|x86
	EndGlobalSection
	GlobalSection(SolutionProperties) = preSolution
		HideSolutionNode = FALSE
	EndGlobalSection
	GlobalSection(NestedProjects) = preSolution
		{49F3C951-0062-4475-8A13-8DF4555EED45} = {D759B991-FDD3-43BC-9704-0B5131EF1A1D}
		{7BD0B32C-FD2D-43FE-8CDD-05894A47118D} = {D759B991-FDD3-43BC-9704-0B5131EF1A1D}
		{F1B97557-0717-4D98-86B3-771545C1BBEF} = {D759B991-FDD3-43BC-9704-0B5131EF1A1D}
		{0803C098-C7CB-40B7-8B87-67F98660609E} = {D759B991-FDD3-43BC-9704-0B5131EF1A1D}
		{22EA5522-E2C5-41D0-A7F8-B011F9A86EEC} = {8136C239-9CF7-4011-B301-98E375923C74}
		{247052E2-3C72-4E61-834C-F2484703AAA4} = {D0FB48BE-9CB2-447D-936F-B0BEC881FEC6}
		{BD7FFF0C-CE95-469F-8117-D8B3EC2F2A82} = {D0FB48BE-9CB2-447D-936F-B0BEC881FEC6}
		{4DB3CAA5-68A0-4017-975B-70635D8209BB} = {D0FB48BE-9CB2-447D-936F-B0BEC881FEC6}
		{6AB88E25-E672-4886-A7EE-0C18720CD7DD} = {D0FB48BE-9CB2-447D-936F-B0BEC881FEC6}
		{73333465-710D-4143-BA9B-201D90EE2BAF} = {247052E2-3C72-4E61-834C-F2484703AAA4}
		{7DC5C10F-E871-4202-9014-0F958358389E} = {247052E2-3C72-4E61-834C-F2484703AAA4}
		{4D2F1E44-5F34-4C47-BD69-2EB97B584F01} = {22EA5522-E2C5-41D0-A7F8-B011F9A86EEC}
		{756AE472-BD14-4D25-BA54-5C62F6C668D7} = {22EA5522-E2C5-41D0-A7F8-B011F9A86EEC}
		{B619CEBF-663B-4BEA-852A-654552AE187B} = {BD7FFF0C-CE95-469F-8117-D8B3EC2F2A82}
	EndGlobalSection
EndGlobal
