
Microsoft Visual Studio Solution File, Format Version 11.00
# Visual Studio 2010
Project("{FAE04EC0-301F-11D3-BF4B-00C04F79EFBC}") = "Facebook-Net35", "Facebook\Facebook-Net35.csproj", "{857E540C-0092-4590-A279-F98A6B77AC0A}"
EndProject
Project("{FAE04EC0-301F-11D3-BF4B-00C04F79EFBC}") = "Facebook.Web-Net35", "Facebook.Web\Facebook.Web-Net35.csproj", "{73333465-710D-4143-BA9B-201D90EE2BAF}"
EndProject
Project("{FAE04EC0-301F-11D3-BF4B-00C04F79EFBC}") = "Facebook.Web.Mvc-Net35", "Facebook.Web.Mvc\Facebook.Web.Mvc-Net35.csproj", "{7DC5C10F-E871-4202-9014-0F958358389E}"
EndProject
Global
	GlobalSection(TestCaseManagementSettings) = postSolution
		CategoryFile = Facebook.vsmdi
	EndGlobalSection
	GlobalSection(SolutionConfigurationPlatforms) = preSolution
		Debug|Any CPU = Debug|Any CPU
		Debug|Mixed Platforms = Debug|Mixed Platforms
		Debug|x86 = Debug|x86
		Release|Any CPU = Release|Any CPU
		Release|Mixed Platforms = Release|Mixed Platforms
		Release|x86 = Release|x86
	EndGlobalSection
	GlobalSection(ProjectConfigurationPlatforms) = postSolution
		{857E540C-0092-4590-A279-F98A6B77AC0A}.Debug|Any CPU.ActiveCfg = Debug|Any CPU
		{857E540C-0092-4590-A279-F98A6B77AC0A}.Debug|Any CPU.Build.0 = Debug|Any CPU
		{857E540C-0092-4590-A279-F98A6B77AC0A}.Debug|Mixed Platforms.ActiveCfg = Debug|Any CPU
		{857E540C-0092-4590-A279-F98A6B77AC0A}.Debug|Mixed Platforms.Build.0 = Debug|Any CPU
		{857E540C-0092-4590-A279-F98A6B77AC0A}.Debug|x86.ActiveCfg = Debug|Any CPU
		{857E540C-0092-4590-A279-F98A6B77AC0A}.Release|Any CPU.ActiveCfg = Release|Any CPU
		{857E540C-0092-4590-A279-F98A6B77AC0A}.Release|Any CPU.Build.0 = Release|Any CPU
		{857E540C-0092-4590-A279-F98A6B77AC0A}.Release|Mixed Platforms.ActiveCfg = Release|Any CPU
		{857E540C-0092-4590-A279-F98A6B77AC0A}.Release|Mixed Platforms.Build.0 = Release|Any CPU
		{857E540C-0092-4590-A279-F98A6B77AC0A}.Release|x86.ActiveCfg = Release|Any CPU
		{73333465-710D-4143-BA9B-201D90EE2BAF}.Debug|Any CPU.ActiveCfg = Debug|Any CPU
		{73333465-710D-4143-BA9B-201D90EE2BAF}.Debug|Any CPU.Build.0 = Debug|Any CPU
		{73333465-710D-4143-BA9B-201D90EE2BAF}.Debug|Mixed Platforms.ActiveCfg = Debug|Any CPU
		{73333465-710D-4143-BA9B-201D90EE2BAF}.Debug|Mixed Platforms.Build.0 = Debug|Any CPU
		{73333465-710D-4143-BA9B-201D90EE2BAF}.Debug|x86.ActiveCfg = Debug|Any CPU
		{73333465-710D-4143-BA9B-201D90EE2BAF}.Release|Any CPU.ActiveCfg = Release|Any CPU
		{73333465-710D-4143-BA9B-201D90EE2BAF}.Release|Any CPU.Build.0 = Release|Any CPU
		{73333465-710D-4143-BA9B-201D90EE2BAF}.Release|Mixed Platforms.ActiveCfg = Release|Any CPU
		{73333465-710D-4143-BA9B-201D90EE2BAF}.Release|Mixed Platforms.Build.0 = Release|Any CPU
		{73333465-710D-4143-BA9B-201D90EE2BAF}.Release|x86.ActiveCfg = Release|Any CPU
		{7DC5C10F-E871-4202-9014-0F958358389E}.Debug|Any CPU.ActiveCfg = Debug|Any CPU
		{7DC5C10F-E871-4202-9014-0F958358389E}.Debug|Any CPU.Build.0 = Debug|Any CPU
		{7DC5C10F-E871-4202-9014-0F958358389E}.Debug|Mixed Platforms.ActiveCfg = Debug|Any CPU
		{7DC5C10F-E871-4202-9014-0F958358389E}.Debug|Mixed Platforms.Build.0 = Debug|Any CPU
		{7DC5C10F-E871-4202-9014-0F958358389E}.Debug|x86.ActiveCfg = Debug|Any CPU
		{7DC5C10F-E871-4202-9014-0F958358389E}.Release|Any CPU.ActiveCfg = Release|Any CPU
		{7DC5C10F-E871-4202-9014-0F958358389E}.Release|Any CPU.Build.0 = Release|Any CPU
		{7DC5C10F-E871-4202-9014-0F958358389E}.Release|Mixed Platforms.ActiveCfg = Release|Any CPU
		{7DC5C10F-E871-4202-9014-0F958358389E}.Release|Mixed Platforms.Build.0 = Release|Any CPU
		{7DC5C10F-E871-4202-9014-0F958358389E}.Release|x86.ActiveCfg = Release|Any CPU
	EndGlobalSection
	GlobalSection(SolutionProperties) = preSolution
		HideSolutionNode = FALSE
	EndGlobalSection
EndGlobal
